// !$*UTF8*$!
{
	archiveVersion = 1;
	classes = {
	};
	objectVersion = 46;
	objects = {

/* Begin PBXBuildFile section */
		F30A68801A3259D700F3DA61 /* Lato-Black.ttf in Resources */ = {isa = PBXBuildFile; fileRef = F30A686D1A3259D700F3DA61 /* Lato-Black.ttf */; };
		F30A68811A3259D700F3DA61 /* Lato-BlackItalic.ttf in Resources */ = {isa = PBXBuildFile; fileRef = F30A686E1A3259D700F3DA61 /* Lato-BlackItalic.ttf */; };
		F30A68821A3259D700F3DA61 /* Lato-Bold.ttf in Resources */ = {isa = PBXBuildFile; fileRef = F30A686F1A3259D700F3DA61 /* Lato-Bold.ttf */; };
		F30A68831A3259D700F3DA61 /* Lato-BoldItalic.ttf in Resources */ = {isa = PBXBuildFile; fileRef = F30A68701A3259D700F3DA61 /* Lato-BoldItalic.ttf */; };
		F30A68841A3259D700F3DA61 /* Lato-Hairline.ttf in Resources */ = {isa = PBXBuildFile; fileRef = F30A68711A3259D700F3DA61 /* Lato-Hairline.ttf */; };
		F30A68851A3259D700F3DA61 /* Lato-HairlineItalic.ttf in Resources */ = {isa = PBXBuildFile; fileRef = F30A68721A3259D700F3DA61 /* Lato-HairlineItalic.ttf */; };
		F30A68861A3259D700F3DA61 /* Lato-Heavy.ttf in Resources */ = {isa = PBXBuildFile; fileRef = F30A68731A3259D700F3DA61 /* Lato-Heavy.ttf */; };
		F30A68871A3259D700F3DA61 /* Lato-HeavyItalic.ttf in Resources */ = {isa = PBXBuildFile; fileRef = F30A68741A3259D700F3DA61 /* Lato-HeavyItalic.ttf */; };
		F30A68881A3259D700F3DA61 /* Lato-Italic.ttf in Resources */ = {isa = PBXBuildFile; fileRef = F30A68751A3259D700F3DA61 /* Lato-Italic.ttf */; };
		F30A68891A3259D700F3DA61 /* Lato-Light.ttf in Resources */ = {isa = PBXBuildFile; fileRef = F30A68761A3259D700F3DA61 /* Lato-Light.ttf */; };
		F30A688A1A3259D700F3DA61 /* Lato-LightItalic.ttf in Resources */ = {isa = PBXBuildFile; fileRef = F30A68771A3259D700F3DA61 /* Lato-LightItalic.ttf */; };
		F30A688B1A3259D700F3DA61 /* Lato-Medium.ttf in Resources */ = {isa = PBXBuildFile; fileRef = F30A68781A3259D700F3DA61 /* Lato-Medium.ttf */; };
		F30A688C1A3259D700F3DA61 /* Lato-MediumItalic.ttf in Resources */ = {isa = PBXBuildFile; fileRef = F30A68791A3259D700F3DA61 /* Lato-MediumItalic.ttf */; };
		F30A688D1A3259D700F3DA61 /* Lato-Regular.ttf in Resources */ = {isa = PBXBuildFile; fileRef = F30A687A1A3259D700F3DA61 /* Lato-Regular.ttf */; };
		F30A688E1A3259D700F3DA61 /* Lato-Semibold.ttf in Resources */ = {isa = PBXBuildFile; fileRef = F30A687B1A3259D700F3DA61 /* Lato-Semibold.ttf */; };
		F30A688F1A3259D700F3DA61 /* Lato-SemiboldItalic.ttf in Resources */ = {isa = PBXBuildFile; fileRef = F30A687C1A3259D700F3DA61 /* Lato-SemiboldItalic.ttf */; };
		F30A68901A3259D700F3DA61 /* Lato-Thin.ttf in Resources */ = {isa = PBXBuildFile; fileRef = F30A687D1A3259D700F3DA61 /* Lato-Thin.ttf */; };
		F30A68911A3259D700F3DA61 /* Lato-ThinItalic.ttf in Resources */ = {isa = PBXBuildFile; fileRef = F30A687E1A3259D700F3DA61 /* Lato-ThinItalic.ttf */; };
		F30A68921A3259D700F3DA61 /* SIL Open Font License.txt in Resources */ = {isa = PBXBuildFile; fileRef = F30A687F1A3259D700F3DA61 /* SIL Open Font License.txt */; };
		F312730A192ABEBB002E4119 /* ResenaViewController.m in Sources */ = {isa = PBXBuildFile; fileRef = F3127309192ABEBB002E4119 /* ResenaViewController.m */; };
		F324E8241947CA390002A6FB /* Teatro.png in Resources */ = {isa = PBXBuildFile; fileRef = F324E8231947CA390002A6FB /* Teatro.png */; };
		F32CF00618F5A9220098A5CF /* flechas.xib in Resources */ = {isa = PBXBuildFile; fileRef = F32CF00518F5A9220098A5CF /* flechas.xib */; };
		F32CF01818F5F5AF0098A5CF /* flechas_cierran.xib in Resources */ = {isa = PBXBuildFile; fileRef = F32CF01718F5F5AF0098A5CF /* flechas_cierran.xib */; };
		F332E83518D161BA00DF538D /* Foundation.framework in Frameworks */ = {isa = PBXBuildFile; fileRef = F332E83418D161BA00DF538D /* Foundation.framework */; };
		F332E83718D161BA00DF538D /* CoreGraphics.framework in Frameworks */ = {isa = PBXBuildFile; fileRef = F332E83618D161BA00DF538D /* CoreGraphics.framework */; };
		F332E83918D161BA00DF538D /* UIKit.framework in Frameworks */ = {isa = PBXBuildFile; fileRef = F332E83818D161BA00DF538D /* UIKit.framework */; };
		F332E83F18D161BA00DF538D /* InfoPlist.strings in Resources */ = {isa = PBXBuildFile; fileRef = F332E83D18D161BA00DF538D /* InfoPlist.strings */; };
		F332E84118D161BA00DF538D /* main.m in Sources */ = {isa = PBXBuildFile; fileRef = F332E84018D161BA00DF538D /* main.m */; };
		F332E84518D161BA00DF538D /* AppDelegate.m in Sources */ = {isa = PBXBuildFile; fileRef = F332E84418D161BA00DF538D /* AppDelegate.m */; };
		F332E84818D161BA00DF538D /* Main_iPhone.storyboard in Resources */ = {isa = PBXBuildFile; fileRef = F332E84618D161BA00DF538D /* Main_iPhone.storyboard */; };
		F332E84E18D161BA00DF538D /* ViewController.m in Sources */ = {isa = PBXBuildFile; fileRef = F332E84D18D161BA00DF538D /* ViewController.m */; };
		F332E85018D161BA00DF538D /* Images.xcassets in Resources */ = {isa = PBXBuildFile; fileRef = F332E84F18D161BA00DF538D /* Images.xcassets */; };
		F332E85718D161BA00DF538D /* XCTest.framework in Frameworks */ = {isa = PBXBuildFile; fileRef = F332E85618D161BA00DF538D /* XCTest.framework */; };
		F332E85818D161BA00DF538D /* Foundation.framework in Frameworks */ = {isa = PBXBuildFile; fileRef = F332E83418D161BA00DF538D /* Foundation.framework */; };
		F332E85918D161BA00DF538D /* UIKit.framework in Frameworks */ = {isa = PBXBuildFile; fileRef = F332E83818D161BA00DF538D /* UIKit.framework */; };
		F332E86118D161BA00DF538D /* InfoPlist.strings in Resources */ = {isa = PBXBuildFile; fileRef = F332E85F18D161BA00DF538D /* InfoPlist.strings */; };
		F332E86D18D1630600DF538D /* MapKit.framework in Frameworks */ = {isa = PBXBuildFile; fileRef = F332E86C18D1630600DF538D /* MapKit.framework */; };
		F332E87218D16CB100DF538D /* eventCell.m in Sources */ = {isa = PBXBuildFile; fileRef = F332E87118D16CB100DF538D /* eventCell.m */; };
		F332E87518D185AD00DF538D /* DescripcionViewController.m in Sources */ = {isa = PBXBuildFile; fileRef = F332E87418D185AD00DF538D /* DescripcionViewController.m */; };
		F33F36191A0ED40E00C5EDAA /* pin3.png in Resources */ = {isa = PBXBuildFile; fileRef = F33F36181A0ED40E00C5EDAA /* pin3.png */; };
		F342E0CB193E468C00A4FF4E /* lupa.png in Resources */ = {isa = PBXBuildFile; fileRef = F342E0C8193E468C00A4FF4E /* lupa.png */; };
		F342E0D1193E663B00A4FF4E /* tools.png in Resources */ = {isa = PBXBuildFile; fileRef = F342E0CF193E663B00A4FF4E /* tools.png */; };
		F34A80BF19142E88000E26CF /* AudioToolbox.framework in Frameworks */ = {isa = PBXBuildFile; fileRef = F34A80BE19142E88000E26CF /* AudioToolbox.framework */; };
		F34A80C119142E8D000E26CF /* CFNetwork.framework in Frameworks */ = {isa = PBXBuildFile; fileRef = F34A80C019142E8D000E26CF /* CFNetwork.framework */; };
		F34A80C319142EA2000E26CF /* libz.dylib in Frameworks */ = {isa = PBXBuildFile; fileRef = F34A80C219142EA2000E26CF /* libz.dylib */; };
		F34A80C519142EAA000E26CF /* MobileCoreServices.framework in Frameworks */ = {isa = PBXBuildFile; fileRef = F34A80C419142EAA000E26CF /* MobileCoreServices.framework */; };
		F34A80C719142EB7000E26CF /* QuartzCore.framework in Frameworks */ = {isa = PBXBuildFile; fileRef = F34A80C619142EB7000E26CF /* QuartzCore.framework */; };
		F34A80C919142EBE000E26CF /* Security.framework in Frameworks */ = {isa = PBXBuildFile; fileRef = F34A80C819142EBE000E26CF /* Security.framework */; };
		F34A80CB19142EC6000E26CF /* StoreKit.framework in Frameworks */ = {isa = PBXBuildFile; fileRef = F34A80CA19142EC6000E26CF /* StoreKit.framework */; };
		F34A80CD19142ECE000E26CF /* SystemConfiguration.framework in Frameworks */ = {isa = PBXBuildFile; fileRef = F34A80CC19142ECE000E26CF /* SystemConfiguration.framework */; };
		F36521421A0F0E3B00DFD69B /* NuevoOpcionesViewController.m in Sources */ = {isa = PBXBuildFile; fileRef = F36521411A0F0E3B00DFD69B /* NuevoOpcionesViewController.m */; };
		F36521471A0FECB000DFD69B /* aquiTab.png in Resources */ = {isa = PBXBuildFile; fileRef = F36521451A0FECB000DFD69B /* aquiTab.png */; };
		F36521481A0FECB000DFD69B /* aquiTab@2x.png in Resources */ = {isa = PBXBuildFile; fileRef = F36521461A0FECB000DFD69B /* aquiTab@2x.png */; };
		F365214A1A0FEE8C00DFD69B /* calendario.png in Resources */ = {isa = PBXBuildFile; fileRef = F36521491A0FEE8C00DFD69B /* calendario.png */; };
		F365214C1A0FEEDA00DFD69B /* CalendarTab.png in Resources */ = {isa = PBXBuildFile; fileRef = F365214B1A0FEEDA00DFD69B /* CalendarTab.png */; };
		F365214E1A0FEF2A00DFD69B /* CalendarTab@2x.png in Resources */ = {isa = PBXBuildFile; fileRef = F365214D1A0FEF2A00DFD69B /* CalendarTab@2x.png */; };
		F365215A1A0FEFF000DFD69B /* VRGCalendarView.m in Sources */ = {isa = PBXBuildFile; fileRef = F36521511A0FEFF000DFD69B /* VRGCalendarView.m */; };
		F365215B1A0FEFF000DFD69B /* UIView+convenience.m in Sources */ = {isa = PBXBuildFile; fileRef = F36521531A0FEFF000DFD69B /* UIView+convenience.m */; };
		F365215C1A0FEFF000DFD69B /* NSMutableArray+convenience.m in Sources */ = {isa = PBXBuildFile; fileRef = F36521551A0FEFF000DFD69B /* NSMutableArray+convenience.m */; };
		F365215D1A0FEFF000DFD69B /* NSDate+convenience.m in Sources */ = {isa = PBXBuildFile; fileRef = F36521571A0FEFF000DFD69B /* NSDate+convenience.m */; };
		F365215E1A0FEFF000DFD69B /* UIColor+expanded.m in Sources */ = {isa = PBXBuildFile; fileRef = F36521591A0FEFF000DFD69B /* UIColor+expanded.m */; };
		F36521621A0FF03A00DFD69B /* CalendarioViewController.m in Sources */ = {isa = PBXBuildFile; fileRef = F36521611A0FF03A00DFD69B /* CalendarioViewController.m */; };
		F36521651A1001AE00DFD69B /* toolBar@2x.png in Resources */ = {isa = PBXBuildFile; fileRef = F36521631A1001AE00DFD69B /* toolBar@2x.png */; };
		F36521661A1001AE00DFD69B /* toolBar.png in Resources */ = {isa = PBXBuildFile; fileRef = F36521641A1001AE00DFD69B /* toolBar.png */; };
		F36521681A1008DA00DFD69B /* eventario.png in Resources */ = {isa = PBXBuildFile; fileRef = F36521671A1008DA00DFD69B /* eventario.png */; };
		F39060381948D6D9000532E3 /* slider2.png in Resources */ = {isa = PBXBuildFile; fileRef = F39060371948D6D9000532E3 /* slider2.png */; };
		F3A420881935079D0032A715 /* ast.png in Resources */ = {isa = PBXBuildFile; fileRef = F3A420871935079D0032A715 /* ast.png */; };
		F3A6401918E490F6004AF17F /* Mipin.m in Sources */ = {isa = PBXBuildFile; fileRef = F3A6401818E490F6004AF17F /* Mipin.m */; };
		F3A9AF561927067700E0F3F1 /* MapaViewController.m in Sources */ = {isa = PBXBuildFile; fileRef = F3A9AF551927067700E0F3F1 /* MapaViewController.m */; };
		F3ACD64019479EFB001286A5 /* Cultura.png in Resources */ = {isa = PBXBuildFile; fileRef = F3ACD63719479EFB001286A5 /* Cultura.png */; };
		F3ACD64119479EFB001286A5 /* Infantiles.png in Resources */ = {isa = PBXBuildFile; fileRef = F3ACD63819479EFB001286A5 /* Infantiles.png */; };
		F3ACD64219479EFB001286A5 /* Música.png in Resources */ = {isa = PBXBuildFile; fileRef = F3ACD63919479EFB001286A5 /* Música.png */; };
		F3ACD64319479EFB001286A5 /* Aprendizaje.png in Resources */ = {isa = PBXBuildFile; fileRef = F3ACD63A19479EFB001286A5 /* Aprendizaje.png */; };
		F3ACD64419479EFB001286A5 /* Tecnología.png in Resources */ = {isa = PBXBuildFile; fileRef = F3ACD63B19479EFB001286A5 /* Tecnología.png */; };
		F3ACD64519479EFB001286A5 /* Cine.png in Resources */ = {isa = PBXBuildFile; fileRef = F3ACD63C19479EFB001286A5 /* Cine.png */; };
		F3ACD64719479EFB001286A5 /* Exposiciones.png in Resources */ = {isa = PBXBuildFile; fileRef = F3ACD63E19479EFB001286A5 /* Exposiciones.png */; };
		F3ACD64819479EFB001286A5 /* Deportivo.png in Resources */ = {isa = PBXBuildFile; fileRef = F3ACD63F19479EFB001286A5 /* Deportivo.png */; };
		F3ACD64F1947C94D001286A5 /* twitter1.png in Resources */ = {isa = PBXBuildFile; fileRef = F3ACD64D1947C94D001286A5 /* twitter1.png */; };
		F3ACD6501947C94D001286A5 /* facebook1.png in Resources */ = {isa = PBXBuildFile; fileRef = F3ACD64E1947C94D001286A5 /* facebook1.png */; };
		F3AECC7E18D3849F0012748D /* CoreLocation.framework in Frameworks */ = {isa = PBXBuildFile; fileRef = F3AECC7D18D3849F0012748D /* CoreLocation.framework */; };
		F3B9D9A01940CDF1000D97FD /* flecha2.png in Resources */ = {isa = PBXBuildFile; fileRef = F3B9D99F1940CDF1000D97FD /* flecha2.png */; };
		F3B9EC4018EF2A5500204323 /* Opcciones.xib in Resources */ = {isa = PBXBuildFile; fileRef = F3B9EC3F18EF2A5500204323 /* Opcciones.xib */; };
		F3B9EC4318EF2D7900204323 /* Opcciones.m in Sources */ = {isa = PBXBuildFile; fileRef = F3B9EC4218EF2D7900204323 /* Opcciones.m */; };
		F3BDBEEF1A0F035B00A521F9 /* NuevoInicioViewController.m in Sources */ = {isa = PBXBuildFile; fileRef = F3BDBEEE1A0F035B00A521F9 /* NuevoInicioViewController.m */; };
		F3C4418B1A0E8719007AE554 /* libGoogleAnalyticsServices.a in Frameworks */ = {isa = PBXBuildFile; fileRef = F3C4418A1A0E8719007AE554 /* libGoogleAnalyticsServices.a */; };
		F3C4418D1A0E880C007AE554 /* CoreData.framework in Frameworks */ = {isa = PBXBuildFile; fileRef = F3C4418C1A0E880C007AE554 /* CoreData.framework */; };
		F3C680AC18FC9ADC0092D6D8 /* NIISans-Bold.ttf in Resources */ = {isa = PBXBuildFile; fileRef = F3C680A918FC9ADC0092D6D8 /* NIISans-Bold.ttf */; };
		F3C680AD18FC9ADC0092D6D8 /* NIISans.ttf in Resources */ = {isa = PBXBuildFile; fileRef = F3C680AA18FC9ADC0092D6D8 /* NIISans.ttf */; };
		F3C680AE18FC9ADC0092D6D8 /* NIISansLight.ttf in Resources */ = {isa = PBXBuildFile; fileRef = F3C680AB18FC9ADC0092D6D8 /* NIISansLight.ttf */; };
		F3C680B418FCA9520092D6D8 /* icono80.png in Resources */ = {isa = PBXBuildFile; fileRef = F3C680B118FCA9520092D6D8 /* icono80.png */; };
		F3C680B518FCA9520092D6D8 /* icono58.png in Resources */ = {isa = PBXBuildFile; fileRef = F3C680B218FCA9520092D6D8 /* icono58.png */; };
		F3C680B618FCA9520092D6D8 /* icono.png in Resources */ = {isa = PBXBuildFile; fileRef = F3C680B318FCA9520092D6D8 /* icono.png */; };
		F3C680B818FCAD4E0092D6D8 /* arrows.png in Resources */ = {isa = PBXBuildFile; fileRef = F3C680B718FCAD4E0092D6D8 /* arrows.png */; };
		F3C680BA18FCCD870092D6D8 /* arrows2.png in Resources */ = {isa = PBXBuildFile; fileRef = F3C680B918FCCD870092D6D8 /* arrows2.png */; };
		F3C680BD18FCD4440092D6D8 /* CustomCalloutAnnotation.m in Sources */ = {isa = PBXBuildFile; fileRef = F3C680BC18FCD4440092D6D8 /* CustomCalloutAnnotation.m */; };
		F3C680BF18FCD6520092D6D8 /* CustomCallOutView.xib in Resources */ = {isa = PBXBuildFile; fileRef = F3C680BE18FCD6520092D6D8 /* CustomCallOutView.xib */; };
		F3CF5DF81A15BCB700092E07 /* FututroViewController.m in Sources */ = {isa = PBXBuildFile; fileRef = F3CF5DF71A15BCB700092E07 /* FututroViewController.m */; };
		F3CF6EB0190ACEA4003E86EA /* ViewControllerTest.m in Sources */ = {isa = PBXBuildFile; fileRef = F3CF6EAF190ACEA4003E86EA /* ViewControllerTest.m */; };
		F3CF6EB4190EC998003E86EA /* mas.png in Resources */ = {isa = PBXBuildFile; fileRef = F3CF6EB3190EC998003E86EA /* mas.png */; };
		F3CF6EB8190ECBBC003E86EA /* flecha.png in Resources */ = {isa = PBXBuildFile; fileRef = F3CF6EB6190ECBBC003E86EA /* flecha.png */; };
		F3CF6EBB190ECE22003E86EA /* pin.png in Resources */ = {isa = PBXBuildFile; fileRef = F3CF6EBA190ECE22003E86EA /* pin.png */; };
		F3CF6EBD190ED506003E86EA /* flechas.png in Resources */ = {isa = PBXBuildFile; fileRef = F3CF6EBC190ED506003E86EA /* flechas.png */; };
		F3CF6EC1190EE07E003E86EA /* marker.png in Resources */ = {isa = PBXBuildFile; fileRef = F3CF6EBE190EE07E003E86EA /* marker.png */; };
		F3CF6EC5190EE084003E86EA /* asterisco.png in Resources */ = {isa = PBXBuildFile; fileRef = F3CF6EC4190EE084003E86EA /* asterisco.png */; };
		F3CFBFFF18FD083C00206262 /* regresar.png in Resources */ = {isa = PBXBuildFile; fileRef = F3CFBFFB18FD083C00206262 /* regresar.png */; };
		F3CFC00018FD083C00206262 /* evento.png in Resources */ = {isa = PBXBuildFile; fileRef = F3CFBFFC18FD083C00206262 /* evento.png */; };
		F3CFC00118FD083C00206262 /* donde.png in Resources */ = {isa = PBXBuildFile; fileRef = F3CFBFFD18FD083C00206262 /* donde.png */; };
		F3D6F0B318ED1759007F9E31 /* SinEventoTableViewCell.m in Sources */ = {isa = PBXBuildFile; fileRef = F3D6F0B218ED1759007F9E31 /* SinEventoTableViewCell.m */; };
		F3DA27AF19100D1B004BB45C /* pin2.png in Resources */ = {isa = PBXBuildFile; fileRef = F3DA27AE19100D1B004BB45C /* pin2.png */; };
		F3DA27B31910234F004BB45C /* back2.png in Resources */ = {isa = PBXBuildFile; fileRef = F3DA27B21910234F004BB45C /* back2.png */; };
		F3F176F5193D71A30004A288 /* hora.png in Resources */ = {isa = PBXBuildFile; fileRef = F3F176F1193D71A30004A288 /* hora.png */; };
		F3F176F6193D71A30004A288 /* nombre.png in Resources */ = {isa = PBXBuildFile; fileRef = F3F176F2193D71A30004A288 /* nombre.png */; };
		F3F176F7193D71A30004A288 /* titulo.png in Resources */ = {isa = PBXBuildFile; fileRef = F3F176F3193D71A30004A288 /* titulo.png */; };
		F3FEA862193D261200C584FC /* dinero0.png in Resources */ = {isa = PBXBuildFile; fileRef = F3FEA85A193D261200C584FC /* dinero0.png */; };
		F3FEA863193D261200C584FC /* dinero1.png in Resources */ = {isa = PBXBuildFile; fileRef = F3FEA85B193D261200C584FC /* dinero1.png */; };
		F3FEA864193D261200C584FC /* informacion0.png in Resources */ = {isa = PBXBuildFile; fileRef = F3FEA85C193D261200C584FC /* informacion0.png */; };
		F3FEA865193D261200C584FC /* informacion1.png in Resources */ = {isa = PBXBuildFile; fileRef = F3FEA85D193D261200C584FC /* informacion1.png */; };
		F3FEA866193D261200C584FC /* telefono0.png in Resources */ = {isa = PBXBuildFile; fileRef = F3FEA85E193D261200C584FC /* telefono0.png */; };
		F3FEA867193D261200C584FC /* telefono1.png in Resources */ = {isa = PBXBuildFile; fileRef = F3FEA85F193D261200C584FC /* telefono1.png */; };
		F3FEA868193D261200C584FC /* web0.png in Resources */ = {isa = PBXBuildFile; fileRef = F3FEA860193D261200C584FC /* web0.png */; };
		F3FEA869193D261200C584FC /* web1.png in Resources */ = {isa = PBXBuildFile; fileRef = F3FEA861193D261200C584FC /* web1.png */; };
/* End PBXBuildFile section */

/* Begin PBXContainerItemProxy section */
		F332E85A18D161BA00DF538D /* PBXContainerItemProxy */ = {
			isa = PBXContainerItemProxy;
			containerPortal = F332E82918D161BA00DF538D /* Project object */;
			proxyType = 1;
			remoteGlobalIDString = F332E83018D161BA00DF538D;
			remoteInfo = DejateCaer;
		};
/* End PBXContainerItemProxy section */

/* Begin PBXFileReference section */
		F30A686D1A3259D700F3DA61 /* Lato-Black.ttf */ = {isa = PBXFileReference; lastKnownFileType = file; path = "Lato-Black.ttf"; sourceTree = "<group>"; };
		F30A686E1A3259D700F3DA61 /* Lato-BlackItalic.ttf */ = {isa = PBXFileReference; lastKnownFileType = file; path = "Lato-BlackItalic.ttf"; sourceTree = "<group>"; };
		F30A686F1A3259D700F3DA61 /* Lato-Bold.ttf */ = {isa = PBXFileReference; lastKnownFileType = file; path = "Lato-Bold.ttf"; sourceTree = "<group>"; };
		F30A68701A3259D700F3DA61 /* Lato-BoldItalic.ttf */ = {isa = PBXFileReference; lastKnownFileType = file; path = "Lato-BoldItalic.ttf"; sourceTree = "<group>"; };
		F30A68711A3259D700F3DA61 /* Lato-Hairline.ttf */ = {isa = PBXFileReference; lastKnownFileType = file; path = "Lato-Hairline.ttf"; sourceTree = "<group>"; };
		F30A68721A3259D700F3DA61 /* Lato-HairlineItalic.ttf */ = {isa = PBXFileReference; lastKnownFileType = file; path = "Lato-HairlineItalic.ttf"; sourceTree = "<group>"; };
		F30A68731A3259D700F3DA61 /* Lato-Heavy.ttf */ = {isa = PBXFileReference; lastKnownFileType = file; path = "Lato-Heavy.ttf"; sourceTree = "<group>"; };
		F30A68741A3259D700F3DA61 /* Lato-HeavyItalic.ttf */ = {isa = PBXFileReference; lastKnownFileType = file; path = "Lato-HeavyItalic.ttf"; sourceTree = "<group>"; };
		F30A68751A3259D700F3DA61 /* Lato-Italic.ttf */ = {isa = PBXFileReference; lastKnownFileType = file; path = "Lato-Italic.ttf"; sourceTree = "<group>"; };
		F30A68761A3259D700F3DA61 /* Lato-Light.ttf */ = {isa = PBXFileReference; lastKnownFileType = file; path = "Lato-Light.ttf"; sourceTree = "<group>"; };
		F30A68771A3259D700F3DA61 /* Lato-LightItalic.ttf */ = {isa = PBXFileReference; lastKnownFileType = file; path = "Lato-LightItalic.ttf"; sourceTree = "<group>"; };
		F30A68781A3259D700F3DA61 /* Lato-Medium.ttf */ = {isa = PBXFileReference; lastKnownFileType = file; path = "Lato-Medium.ttf"; sourceTree = "<group>"; };
		F30A68791A3259D700F3DA61 /* Lato-MediumItalic.ttf */ = {isa = PBXFileReference; lastKnownFileType = file; path = "Lato-MediumItalic.ttf"; sourceTree = "<group>"; };
		F30A687A1A3259D700F3DA61 /* Lato-Regular.ttf */ = {isa = PBXFileReference; lastKnownFileType = file; path = "Lato-Regular.ttf"; sourceTree = "<group>"; };
		F30A687B1A3259D700F3DA61 /* Lato-Semibold.ttf */ = {isa = PBXFileReference; lastKnownFileType = file; path = "Lato-Semibold.ttf"; sourceTree = "<group>"; };
		F30A687C1A3259D700F3DA61 /* Lato-SemiboldItalic.ttf */ = {isa = PBXFileReference; lastKnownFileType = file; path = "Lato-SemiboldItalic.ttf"; sourceTree = "<group>"; };
		F30A687D1A3259D700F3DA61 /* Lato-Thin.ttf */ = {isa = PBXFileReference; lastKnownFileType = file; path = "Lato-Thin.ttf"; sourceTree = "<group>"; };
		F30A687E1A3259D700F3DA61 /* Lato-ThinItalic.ttf */ = {isa = PBXFileReference; lastKnownFileType = file; path = "Lato-ThinItalic.ttf"; sourceTree = "<group>"; };
		F30A687F1A3259D700F3DA61 /* SIL Open Font License.txt */ = {isa = PBXFileReference; fileEncoding = 4; lastKnownFileType = text; path = "SIL Open Font License.txt"; sourceTree = "<group>"; };
		F3127308192ABEBB002E4119 /* ResenaViewController.h */ = {isa = PBXFileReference; fileEncoding = 4; lastKnownFileType = sourcecode.c.h; path = ResenaViewController.h; sourceTree = "<group>"; };
		F3127309192ABEBB002E4119 /* ResenaViewController.m */ = {isa = PBXFileReference; fileEncoding = 4; lastKnownFileType = sourcecode.c.objc; path = ResenaViewController.m; sourceTree = "<group>"; };
		F324E8231947CA390002A6FB /* Teatro.png */ = {isa = PBXFileReference; lastKnownFileType = image.png; path = Teatro.png; sourceTree = "<group>"; };
		F32CF00518F5A9220098A5CF /* flechas.xib */ = {isa = PBXFileReference; fileEncoding = 4; lastKnownFileType = file.xib; path = flechas.xib; sourceTree = "<group>"; };
		F32CF01718F5F5AF0098A5CF /* flechas_cierran.xib */ = {isa = PBXFileReference; fileEncoding = 4; lastKnownFileType = file.xib; path = flechas_cierran.xib; sourceTree = "<group>"; };
		F332E83118D161BA00DF538D /* DejateCaer.app */ = {isa = PBXFileReference; explicitFileType = wrapper.application; includeInIndex = 0; path = DejateCaer.app; sourceTree = BUILT_PRODUCTS_DIR; };
		F332E83418D161BA00DF538D /* Foundation.framework */ = {isa = PBXFileReference; lastKnownFileType = wrapper.framework; name = Foundation.framework; path = System/Library/Frameworks/Foundation.framework; sourceTree = SDKROOT; };
		F332E83618D161BA00DF538D /* CoreGraphics.framework */ = {isa = PBXFileReference; lastKnownFileType = wrapper.framework; name = CoreGraphics.framework; path = System/Library/Frameworks/CoreGraphics.framework; sourceTree = SDKROOT; };
		F332E83818D161BA00DF538D /* UIKit.framework */ = {isa = PBXFileReference; lastKnownFileType = wrapper.framework; name = UIKit.framework; path = System/Library/Frameworks/UIKit.framework; sourceTree = SDKROOT; };
		F332E83C18D161BA00DF538D /* DejateCaer-Info.plist */ = {isa = PBXFileReference; lastKnownFileType = text.plist.xml; path = "DejateCaer-Info.plist"; sourceTree = "<group>"; };
		F332E83E18D161BA00DF538D /* en */ = {isa = PBXFileReference; lastKnownFileType = text.plist.strings; name = en; path = en.lproj/InfoPlist.strings; sourceTree = "<group>"; };
		F332E84018D161BA00DF538D /* main.m */ = {isa = PBXFileReference; lastKnownFileType = sourcecode.c.objc; path = main.m; sourceTree = "<group>"; };
		F332E84218D161BA00DF538D /* DejateCaer-Prefix.pch */ = {isa = PBXFileReference; lastKnownFileType = sourcecode.c.h; path = "DejateCaer-Prefix.pch"; sourceTree = "<group>"; };
		F332E84318D161BA00DF538D /* AppDelegate.h */ = {isa = PBXFileReference; lastKnownFileType = sourcecode.c.h; path = AppDelegate.h; sourceTree = "<group>"; };
		F332E84418D161BA00DF538D /* AppDelegate.m */ = {isa = PBXFileReference; lastKnownFileType = sourcecode.c.objc; path = AppDelegate.m; sourceTree = "<group>"; };
		F332E84718D161BA00DF538D /* Base */ = {isa = PBXFileReference; lastKnownFileType = file.storyboard; name = Base; path = Base.lproj/Main_iPhone.storyboard; sourceTree = "<group>"; };
		F332E84C18D161BA00DF538D /* ViewController.h */ = {isa = PBXFileReference; lastKnownFileType = sourcecode.c.h; path = ViewController.h; sourceTree = "<group>"; };
		F332E84D18D161BA00DF538D /* ViewController.m */ = {isa = PBXFileReference; lastKnownFileType = sourcecode.c.objc; path = ViewController.m; sourceTree = "<group>"; };
		F332E84F18D161BA00DF538D /* Images.xcassets */ = {isa = PBXFileReference; lastKnownFileType = folder.assetcatalog; path = Images.xcassets; sourceTree = "<group>"; };
		F332E85518D161BA00DF538D /* DejateCaerTests.xctest */ = {isa = PBXFileReference; explicitFileType = wrapper.cfbundle; includeInIndex = 0; path = DejateCaerTests.xctest; sourceTree = BUILT_PRODUCTS_DIR; };
		F332E85618D161BA00DF538D /* XCTest.framework */ = {isa = PBXFileReference; lastKnownFileType = wrapper.framework; name = XCTest.framework; path = Library/Frameworks/XCTest.framework; sourceTree = DEVELOPER_DIR; };
		F332E85E18D161BA00DF538D /* DejateCaerTests-Info.plist */ = {isa = PBXFileReference; lastKnownFileType = text.plist.xml; path = "DejateCaerTests-Info.plist"; sourceTree = "<group>"; };
		F332E86018D161BA00DF538D /* en */ = {isa = PBXFileReference; lastKnownFileType = text.plist.strings; name = en; path = en.lproj/InfoPlist.strings; sourceTree = "<group>"; };
		F332E86C18D1630600DF538D /* MapKit.framework */ = {isa = PBXFileReference; lastKnownFileType = wrapper.framework; name = MapKit.framework; path = System/Library/Frameworks/MapKit.framework; sourceTree = SDKROOT; };
		F332E87018D16CB100DF538D /* eventCell.h */ = {isa = PBXFileReference; fileEncoding = 4; lastKnownFileType = sourcecode.c.h; path = eventCell.h; sourceTree = "<group>"; };
		F332E87118D16CB100DF538D /* eventCell.m */ = {isa = PBXFileReference; fileEncoding = 4; lastKnownFileType = sourcecode.c.objc; path = eventCell.m; sourceTree = "<group>"; };
		F332E87318D185AD00DF538D /* DescripcionViewController.h */ = {isa = PBXFileReference; fileEncoding = 4; lastKnownFileType = sourcecode.c.h; path = DescripcionViewController.h; sourceTree = "<group>"; };
		F332E87418D185AD00DF538D /* DescripcionViewController.m */ = {isa = PBXFileReference; fileEncoding = 4; lastKnownFileType = sourcecode.c.objc; path = DescripcionViewController.m; sourceTree = "<group>"; };
		F33F36181A0ED40E00C5EDAA /* pin3.png */ = {isa = PBXFileReference; lastKnownFileType = image.png; path = pin3.png; sourceTree = "<group>"; };
		F342E0C8193E468C00A4FF4E /* lupa.png */ = {isa = PBXFileReference; lastKnownFileType = image.png; path = lupa.png; sourceTree = "<group>"; };
		F342E0CF193E663B00A4FF4E /* tools.png */ = {isa = PBXFileReference; lastKnownFileType = image.png; path = tools.png; sourceTree = "<group>"; };
		F34A80BE19142E88000E26CF /* AudioToolbox.framework */ = {isa = PBXFileReference; lastKnownFileType = wrapper.framework; name = AudioToolbox.framework; path = System/Library/Frameworks/AudioToolbox.framework; sourceTree = SDKROOT; };
		F34A80C019142E8D000E26CF /* CFNetwork.framework */ = {isa = PBXFileReference; lastKnownFileType = wrapper.framework; name = CFNetwork.framework; path = System/Library/Frameworks/CFNetwork.framework; sourceTree = SDKROOT; };
		F34A80C219142EA2000E26CF /* libz.dylib */ = {isa = PBXFileReference; lastKnownFileType = "compiled.mach-o.dylib"; name = libz.dylib; path = usr/lib/libz.dylib; sourceTree = SDKROOT; };
		F34A80C419142EAA000E26CF /* MobileCoreServices.framework */ = {isa = PBXFileReference; lastKnownFileType = wrapper.framework; name = MobileCoreServices.framework; path = System/Library/Frameworks/MobileCoreServices.framework; sourceTree = SDKROOT; };
		F34A80C619142EB7000E26CF /* QuartzCore.framework */ = {isa = PBXFileReference; lastKnownFileType = wrapper.framework; name = QuartzCore.framework; path = System/Library/Frameworks/QuartzCore.framework; sourceTree = SDKROOT; };
		F34A80C819142EBE000E26CF /* Security.framework */ = {isa = PBXFileReference; lastKnownFileType = wrapper.framework; name = Security.framework; path = System/Library/Frameworks/Security.framework; sourceTree = SDKROOT; };
		F34A80CA19142EC6000E26CF /* StoreKit.framework */ = {isa = PBXFileReference; lastKnownFileType = wrapper.framework; name = StoreKit.framework; path = System/Library/Frameworks/StoreKit.framework; sourceTree = SDKROOT; };
		F34A80CC19142ECE000E26CF /* SystemConfiguration.framework */ = {isa = PBXFileReference; lastKnownFileType = wrapper.framework; name = SystemConfiguration.framework; path = System/Library/Frameworks/SystemConfiguration.framework; sourceTree = SDKROOT; };
		F36521401A0F0E3B00DFD69B /* NuevoOpcionesViewController.h */ = {isa = PBXFileReference; fileEncoding = 4; lastKnownFileType = sourcecode.c.h; path = NuevoOpcionesViewController.h; sourceTree = "<group>"; };
		F36521411A0F0E3B00DFD69B /* NuevoOpcionesViewController.m */ = {isa = PBXFileReference; fileEncoding = 4; lastKnownFileType = sourcecode.c.objc; path = NuevoOpcionesViewController.m; sourceTree = "<group>"; };
		F36521451A0FECB000DFD69B /* aquiTab.png */ = {isa = PBXFileReference; lastKnownFileType = image.png; path = aquiTab.png; sourceTree = "<group>"; };
		F36521461A0FECB000DFD69B /* aquiTab@2x.png */ = {isa = PBXFileReference; lastKnownFileType = image.png; path = "aquiTab@2x.png"; sourceTree = "<group>"; };
		F36521491A0FEE8C00DFD69B /* calendario.png */ = {isa = PBXFileReference; lastKnownFileType = image.png; path = calendario.png; sourceTree = "<group>"; };
		F365214B1A0FEEDA00DFD69B /* CalendarTab.png */ = {isa = PBXFileReference; lastKnownFileType = image.png; path = CalendarTab.png; sourceTree = "<group>"; };
		F365214D1A0FEF2A00DFD69B /* CalendarTab@2x.png */ = {isa = PBXFileReference; lastKnownFileType = image.png; path = "CalendarTab@2x.png"; sourceTree = "<group>"; };
		F36521501A0FEFF000DFD69B /* VRGCalendarView.h */ = {isa = PBXFileReference; fileEncoding = 4; lastKnownFileType = sourcecode.c.h; path = VRGCalendarView.h; sourceTree = "<group>"; };
		F36521511A0FEFF000DFD69B /* VRGCalendarView.m */ = {isa = PBXFileReference; fileEncoding = 4; lastKnownFileType = sourcecode.c.objc; path = VRGCalendarView.m; sourceTree = "<group>"; };
		F36521521A0FEFF000DFD69B /* UIView+convenience.h */ = {isa = PBXFileReference; fileEncoding = 4; lastKnownFileType = sourcecode.c.h; path = "UIView+convenience.h"; sourceTree = "<group>"; };
		F36521531A0FEFF000DFD69B /* UIView+convenience.m */ = {isa = PBXFileReference; fileEncoding = 4; lastKnownFileType = sourcecode.c.objc; path = "UIView+convenience.m"; sourceTree = "<group>"; };
		F36521541A0FEFF000DFD69B /* NSMutableArray+convenience.h */ = {isa = PBXFileReference; fileEncoding = 4; lastKnownFileType = sourcecode.c.h; path = "NSMutableArray+convenience.h"; sourceTree = "<group>"; };
		F36521551A0FEFF000DFD69B /* NSMutableArray+convenience.m */ = {isa = PBXFileReference; fileEncoding = 4; lastKnownFileType = sourcecode.c.objc; path = "NSMutableArray+convenience.m"; sourceTree = "<group>"; };
		F36521561A0FEFF000DFD69B /* NSDate+convenience.h */ = {isa = PBXFileReference; fileEncoding = 4; lastKnownFileType = sourcecode.c.h; path = "NSDate+convenience.h"; sourceTree = "<group>"; };
		F36521571A0FEFF000DFD69B /* NSDate+convenience.m */ = {isa = PBXFileReference; fileEncoding = 4; lastKnownFileType = sourcecode.c.objc; path = "NSDate+convenience.m"; sourceTree = "<group>"; };
		F36521581A0FEFF000DFD69B /* UIColor+expanded.h */ = {isa = PBXFileReference; fileEncoding = 4; lastKnownFileType = sourcecode.c.h; path = "UIColor+expanded.h"; sourceTree = "<group>"; };
		F36521591A0FEFF000DFD69B /* UIColor+expanded.m */ = {isa = PBXFileReference; fileEncoding = 4; lastKnownFileType = sourcecode.c.objc; path = "UIColor+expanded.m"; sourceTree = "<group>"; };
		F36521601A0FF03A00DFD69B /* CalendarioViewController.h */ = {isa = PBXFileReference; fileEncoding = 4; lastKnownFileType = sourcecode.c.h; path = CalendarioViewController.h; sourceTree = "<group>"; };
		F36521611A0FF03A00DFD69B /* CalendarioViewController.m */ = {isa = PBXFileReference; fileEncoding = 4; lastKnownFileType = sourcecode.c.objc; path = CalendarioViewController.m; sourceTree = "<group>"; };
		F36521631A1001AE00DFD69B /* toolBar@2x.png */ = {isa = PBXFileReference; lastKnownFileType = image.png; path = "toolBar@2x.png"; sourceTree = "<group>"; };
		F36521641A1001AE00DFD69B /* toolBar.png */ = {isa = PBXFileReference; lastKnownFileType = image.png; path = toolBar.png; sourceTree = "<group>"; };
		F36521671A1008DA00DFD69B /* eventario.png */ = {isa = PBXFileReference; lastKnownFileType = image.png; path = eventario.png; sourceTree = "<group>"; };
		F39060371948D6D9000532E3 /* slider2.png */ = {isa = PBXFileReference; lastKnownFileType = image.png; path = slider2.png; sourceTree = "<group>"; };
		F3A420871935079D0032A715 /* ast.png */ = {isa = PBXFileReference; lastKnownFileType = image.png; path = ast.png; sourceTree = "<group>"; };
		F3A6401718E490F6004AF17F /* Mipin.h */ = {isa = PBXFileReference; fileEncoding = 4; lastKnownFileType = sourcecode.c.h; path = Mipin.h; sourceTree = "<group>"; };
		F3A6401818E490F6004AF17F /* Mipin.m */ = {isa = PBXFileReference; fileEncoding = 4; lastKnownFileType = sourcecode.c.objc; path = Mipin.m; sourceTree = "<group>"; };
		F3A9AF541927067700E0F3F1 /* MapaViewController.h */ = {isa = PBXFileReference; fileEncoding = 4; lastKnownFileType = sourcecode.c.h; path = MapaViewController.h; sourceTree = "<group>"; };
		F3A9AF551927067700E0F3F1 /* MapaViewController.m */ = {isa = PBXFileReference; fileEncoding = 4; lastKnownFileType = sourcecode.c.objc; path = MapaViewController.m; sourceTree = "<group>"; };
		F3ACD63719479EFB001286A5 /* Cultura.png */ = {isa = PBXFileReference; lastKnownFileType = image.png; path = Cultura.png; sourceTree = "<group>"; };
		F3ACD63819479EFB001286A5 /* Infantiles.png */ = {isa = PBXFileReference; lastKnownFileType = image.png; path = Infantiles.png; sourceTree = "<group>"; };
		F3ACD63919479EFB001286A5 /* Música.png */ = {isa = PBXFileReference; lastKnownFileType = image.png; path = "Música.png"; sourceTree = "<group>"; };
		F3ACD63A19479EFB001286A5 /* Aprendizaje.png */ = {isa = PBXFileReference; lastKnownFileType = image.png; path = Aprendizaje.png; sourceTree = "<group>"; };
		F3ACD63B19479EFB001286A5 /* Tecnología.png */ = {isa = PBXFileReference; lastKnownFileType = image.png; path = "Tecnología.png"; sourceTree = "<group>"; };
		F3ACD63C19479EFB001286A5 /* Cine.png */ = {isa = PBXFileReference; lastKnownFileType = image.png; path = Cine.png; sourceTree = "<group>"; };
		F3ACD63E19479EFB001286A5 /* Exposiciones.png */ = {isa = PBXFileReference; lastKnownFileType = image.png; path = Exposiciones.png; sourceTree = "<group>"; };
		F3ACD63F19479EFB001286A5 /* Deportivo.png */ = {isa = PBXFileReference; lastKnownFileType = image.png; path = Deportivo.png; sourceTree = "<group>"; };
		F3ACD64D1947C94D001286A5 /* twitter1.png */ = {isa = PBXFileReference; lastKnownFileType = image.png; path = twitter1.png; sourceTree = "<group>"; };
		F3ACD64E1947C94D001286A5 /* facebook1.png */ = {isa = PBXFileReference; lastKnownFileType = image.png; path = facebook1.png; sourceTree = "<group>"; };
		F3AECC7D18D3849F0012748D /* CoreLocation.framework */ = {isa = PBXFileReference; lastKnownFileType = wrapper.framework; name = CoreLocation.framework; path = System/Library/Frameworks/CoreLocation.framework; sourceTree = SDKROOT; };
		F3B9D99F1940CDF1000D97FD /* flecha2.png */ = {isa = PBXFileReference; lastKnownFileType = image.png; path = flecha2.png; sourceTree = "<group>"; };
		F3B9EC3F18EF2A5500204323 /* Opcciones.xib */ = {isa = PBXFileReference; fileEncoding = 4; lastKnownFileType = file.xib; path = Opcciones.xib; sourceTree = "<group>"; };
		F3B9EC4118EF2D7900204323 /* Opcciones.h */ = {isa = PBXFileReference; fileEncoding = 4; lastKnownFileType = sourcecode.c.h; path = Opcciones.h; sourceTree = "<group>"; };
		F3B9EC4218EF2D7900204323 /* Opcciones.m */ = {isa = PBXFileReference; fileEncoding = 4; lastKnownFileType = sourcecode.c.objc; path = Opcciones.m; sourceTree = "<group>"; };
		F3BDBEED1A0F035B00A521F9 /* NuevoInicioViewController.h */ = {isa = PBXFileReference; fileEncoding = 4; lastKnownFileType = sourcecode.c.h; path = NuevoInicioViewController.h; sourceTree = "<group>"; };
		F3BDBEEE1A0F035B00A521F9 /* NuevoInicioViewController.m */ = {isa = PBXFileReference; fileEncoding = 4; lastKnownFileType = sourcecode.c.objc; path = NuevoInicioViewController.m; sourceTree = "<group>"; };
		F3C441801A0E840A007AE554 /* GAI.h */ = {isa = PBXFileReference; fileEncoding = 4; lastKnownFileType = sourcecode.c.h; path = GAI.h; sourceTree = "<group>"; };
		F3C441811A0E840A007AE554 /* GAIDictionaryBuilder.h */ = {isa = PBXFileReference; fileEncoding = 4; lastKnownFileType = sourcecode.c.h; path = GAIDictionaryBuilder.h; sourceTree = "<group>"; };
		F3C441821A0E840A007AE554 /* GAIEcommerceFields.h */ = {isa = PBXFileReference; fileEncoding = 4; lastKnownFileType = sourcecode.c.h; path = GAIEcommerceFields.h; sourceTree = "<group>"; };
		F3C441831A0E840A007AE554 /* GAIEcommerceProduct.h */ = {isa = PBXFileReference; fileEncoding = 4; lastKnownFileType = sourcecode.c.h; path = GAIEcommerceProduct.h; sourceTree = "<group>"; };
		F3C441841A0E840A007AE554 /* GAIEcommerceProductAction.h */ = {isa = PBXFileReference; fileEncoding = 4; lastKnownFileType = sourcecode.c.h; path = GAIEcommerceProductAction.h; sourceTree = "<group>"; };
		F3C441851A0E840A007AE554 /* GAIEcommercePromotion.h */ = {isa = PBXFileReference; fileEncoding = 4; lastKnownFileType = sourcecode.c.h; path = GAIEcommercePromotion.h; sourceTree = "<group>"; };
		F3C441861A0E840A007AE554 /* GAIFields.h */ = {isa = PBXFileReference; fileEncoding = 4; lastKnownFileType = sourcecode.c.h; path = GAIFields.h; sourceTree = "<group>"; };
		F3C441871A0E840A007AE554 /* GAILogger.h */ = {isa = PBXFileReference; fileEncoding = 4; lastKnownFileType = sourcecode.c.h; path = GAILogger.h; sourceTree = "<group>"; };
		F3C441881A0E840A007AE554 /* GAITrackedViewController.h */ = {isa = PBXFileReference; fileEncoding = 4; lastKnownFileType = sourcecode.c.h; path = GAITrackedViewController.h; sourceTree = "<group>"; };
		F3C441891A0E840A007AE554 /* GAITracker.h */ = {isa = PBXFileReference; fileEncoding = 4; lastKnownFileType = sourcecode.c.h; path = GAITracker.h; sourceTree = "<group>"; };
		F3C4418A1A0E8719007AE554 /* libGoogleAnalyticsServices.a */ = {isa = PBXFileReference; lastKnownFileType = archive.ar; path = libGoogleAnalyticsServices.a; sourceTree = "<group>"; };
		F3C4418C1A0E880C007AE554 /* CoreData.framework */ = {isa = PBXFileReference; lastKnownFileType = wrapper.framework; name = CoreData.framework; path = System/Library/Frameworks/CoreData.framework; sourceTree = SDKROOT; };
		F3C680A918FC9ADC0092D6D8 /* NIISans-Bold.ttf */ = {isa = PBXFileReference; lastKnownFileType = file; path = "NIISans-Bold.ttf"; sourceTree = "<group>"; };
		F3C680AA18FC9ADC0092D6D8 /* NIISans.ttf */ = {isa = PBXFileReference; lastKnownFileType = file; path = NIISans.ttf; sourceTree = "<group>"; };
		F3C680AB18FC9ADC0092D6D8 /* NIISansLight.ttf */ = {isa = PBXFileReference; lastKnownFileType = file; path = NIISansLight.ttf; sourceTree = "<group>"; };
		F3C680B118FCA9520092D6D8 /* icono80.png */ = {isa = PBXFileReference; lastKnownFileType = image.png; path = icono80.png; sourceTree = "<group>"; };
		F3C680B218FCA9520092D6D8 /* icono58.png */ = {isa = PBXFileReference; lastKnownFileType = image.png; path = icono58.png; sourceTree = "<group>"; };
		F3C680B318FCA9520092D6D8 /* icono.png */ = {isa = PBXFileReference; lastKnownFileType = image.png; path = icono.png; sourceTree = "<group>"; };
		F3C680B718FCAD4E0092D6D8 /* arrows.png */ = {isa = PBXFileReference; lastKnownFileType = image.png; path = arrows.png; sourceTree = "<group>"; };
		F3C680B918FCCD870092D6D8 /* arrows2.png */ = {isa = PBXFileReference; lastKnownFileType = image.png; path = arrows2.png; sourceTree = "<group>"; };
		F3C680BB18FCD4440092D6D8 /* CustomCalloutAnnotation.h */ = {isa = PBXFileReference; fileEncoding = 4; lastKnownFileType = sourcecode.c.h; name = CustomCalloutAnnotation.h; path = DejateCaer/CustomCalloutAnnotation.h; sourceTree = "<group>"; };
		F3C680BC18FCD4440092D6D8 /* CustomCalloutAnnotation.m */ = {isa = PBXFileReference; fileEncoding = 4; lastKnownFileType = sourcecode.c.objc; name = CustomCalloutAnnotation.m; path = DejateCaer/CustomCalloutAnnotation.m; sourceTree = "<group>"; };
		F3C680BE18FCD6520092D6D8 /* CustomCallOutView.xib */ = {isa = PBXFileReference; fileEncoding = 4; lastKnownFileType = file.xib; path = CustomCallOutView.xib; sourceTree = "<group>"; };
		F3CF5DEF1A1592D700092E07 /* OpenSans-Regular.ttf */ = {isa = PBXFileReference; lastKnownFileType = file; name = "OpenSans-Regular.ttf"; path = "../OpenSans-Regular.ttf"; sourceTree = "<group>"; };
		F3CF5DF21A15939E00092E07 /* OpenSans-Bold.ttf */ = {isa = PBXFileReference; lastKnownFileType = file; path = "OpenSans-Bold.ttf"; sourceTree = "<group>"; };
		F3CF5DF31A15944000092E07 /* Georgia Italic.ttf */ = {isa = PBXFileReference; lastKnownFileType = file; path = "Georgia Italic.ttf"; sourceTree = "<group>"; };
		F3CF5DF41A15944E00092E07 /* Georgia Bold Italic.ttf */ = {isa = PBXFileReference; lastKnownFileType = file; path = "Georgia Bold Italic.ttf"; sourceTree = "<group>"; };
		F3CF5DF61A15BCB700092E07 /* FututroViewController.h */ = {isa = PBXFileReference; fileEncoding = 4; lastKnownFileType = sourcecode.c.h; path = FututroViewController.h; sourceTree = "<group>"; };
		F3CF5DF71A15BCB700092E07 /* FututroViewController.m */ = {isa = PBXFileReference; fileEncoding = 4; lastKnownFileType = sourcecode.c.objc; path = FututroViewController.m; sourceTree = "<group>"; };
		F3CF6EAF190ACEA4003E86EA /* ViewControllerTest.m */ = {isa = PBXFileReference; fileEncoding = 4; lastKnownFileType = sourcecode.c.objc; name = ViewControllerTest.m; path = ../DejateCaer/ViewControllerTest.m; sourceTree = "<group>"; };
		F3CF6EB1190AD92B003E86EA /* ViewController_ViewControllerClassExtension.h */ = {isa = PBXFileReference; lastKnownFileType = sourcecode.c.h; name = ViewController_ViewControllerClassExtension.h; path = ../DejateCaer/ViewController_ViewControllerClassExtension.h; sourceTree = "<group>"; };
		F3CF6EB3190EC998003E86EA /* mas.png */ = {isa = PBXFileReference; lastKnownFileType = image.png; path = mas.png; sourceTree = "<group>"; };
		F3CF6EB6190ECBBC003E86EA /* flecha.png */ = {isa = PBXFileReference; lastKnownFileType = image.png; path = flecha.png; sourceTree = "<group>"; };
		F3CF6EBA190ECE22003E86EA /* pin.png */ = {isa = PBXFileReference; lastKnownFileType = image.png; path = pin.png; sourceTree = "<group>"; };
		F3CF6EBC190ED506003E86EA /* flechas.png */ = {isa = PBXFileReference; lastKnownFileType = image.png; path = flechas.png; sourceTree = "<group>"; };
		F3CF6EBE190EE07E003E86EA /* marker.png */ = {isa = PBXFileReference; lastKnownFileType = image.png; path = marker.png; sourceTree = "<group>"; };
		F3CF6EC4190EE084003E86EA /* asterisco.png */ = {isa = PBXFileReference; lastKnownFileType = image.png; path = asterisco.png; sourceTree = "<group>"; };
		F3CFBFFB18FD083C00206262 /* regresar.png */ = {isa = PBXFileReference; lastKnownFileType = image.png; path = regresar.png; sourceTree = "<group>"; };
		F3CFBFFC18FD083C00206262 /* evento.png */ = {isa = PBXFileReference; lastKnownFileType = image.png; path = evento.png; sourceTree = "<group>"; };
		F3CFBFFD18FD083C00206262 /* donde.png */ = {isa = PBXFileReference; lastKnownFileType = image.png; path = donde.png; sourceTree = "<group>"; };
		F3D6F0B118ED1759007F9E31 /* SinEventoTableViewCell.h */ = {isa = PBXFileReference; fileEncoding = 4; lastKnownFileType = sourcecode.c.h; name = SinEventoTableViewCell.h; path = DejateCaer/SinEventoTableViewCell.h; sourceTree = "<group>"; };
		F3D6F0B218ED1759007F9E31 /* SinEventoTableViewCell.m */ = {isa = PBXFileReference; fileEncoding = 4; lastKnownFileType = sourcecode.c.objc; name = SinEventoTableViewCell.m; path = DejateCaer/SinEventoTableViewCell.m; sourceTree = "<group>"; };
		F3DA27AE19100D1B004BB45C /* pin2.png */ = {isa = PBXFileReference; lastKnownFileType = image.png; path = pin2.png; sourceTree = "<group>"; };
		F3DA27B21910234F004BB45C /* back2.png */ = {isa = PBXFileReference; lastKnownFileType = image.png; path = back2.png; sourceTree = "<group>"; };
		F3F176F1193D71A30004A288 /* hora.png */ = {isa = PBXFileReference; lastKnownFileType = image.png; path = hora.png; sourceTree = "<group>"; };
		F3F176F2193D71A30004A288 /* nombre.png */ = {isa = PBXFileReference; lastKnownFileType = image.png; path = nombre.png; sourceTree = "<group>"; };
		F3F176F3193D71A30004A288 /* titulo.png */ = {isa = PBXFileReference; lastKnownFileType = image.png; path = titulo.png; sourceTree = "<group>"; };
		F3FEA85A193D261200C584FC /* dinero0.png */ = {isa = PBXFileReference; lastKnownFileType = image.png; path = dinero0.png; sourceTree = "<group>"; };
		F3FEA85B193D261200C584FC /* dinero1.png */ = {isa = PBXFileReference; lastKnownFileType = image.png; path = dinero1.png; sourceTree = "<group>"; };
		F3FEA85C193D261200C584FC /* informacion0.png */ = {isa = PBXFileReference; lastKnownFileType = image.png; path = informacion0.png; sourceTree = "<group>"; };
		F3FEA85D193D261200C584FC /* informacion1.png */ = {isa = PBXFileReference; lastKnownFileType = image.png; path = informacion1.png; sourceTree = "<group>"; };
		F3FEA85E193D261200C584FC /* telefono0.png */ = {isa = PBXFileReference; lastKnownFileType = image.png; path = telefono0.png; sourceTree = "<group>"; };
		F3FEA85F193D261200C584FC /* telefono1.png */ = {isa = PBXFileReference; lastKnownFileType = image.png; path = telefono1.png; sourceTree = "<group>"; };
		F3FEA860193D261200C584FC /* web0.png */ = {isa = PBXFileReference; lastKnownFileType = image.png; path = web0.png; sourceTree = "<group>"; };
		F3FEA861193D261200C584FC /* web1.png */ = {isa = PBXFileReference; lastKnownFileType = image.png; path = web1.png; sourceTree = "<group>"; };
/* End PBXFileReference section */

/* Begin PBXFrameworksBuildPhase section */
		F332E82E18D161BA00DF538D /* Frameworks */ = {
			isa = PBXFrameworksBuildPhase;
			buildActionMask = 2147483647;
			files = (
				F3C4418D1A0E880C007AE554 /* CoreData.framework in Frameworks */,
				F34A80CD19142ECE000E26CF /* SystemConfiguration.framework in Frameworks */,
				F34A80CB19142EC6000E26CF /* StoreKit.framework in Frameworks */,
				F34A80C919142EBE000E26CF /* Security.framework in Frameworks */,
				F3C4418B1A0E8719007AE554 /* libGoogleAnalyticsServices.a in Frameworks */,
				F34A80C719142EB7000E26CF /* QuartzCore.framework in Frameworks */,
				F34A80C519142EAA000E26CF /* MobileCoreServices.framework in Frameworks */,
				F34A80C319142EA2000E26CF /* libz.dylib in Frameworks */,
				F332E83718D161BA00DF538D /* CoreGraphics.framework in Frameworks */,
				F34A80C119142E8D000E26CF /* CFNetwork.framework in Frameworks */,
				F34A80BF19142E88000E26CF /* AudioToolbox.framework in Frameworks */,
				F3AECC7E18D3849F0012748D /* CoreLocation.framework in Frameworks */,
				F332E86D18D1630600DF538D /* MapKit.framework in Frameworks */,
				F332E83918D161BA00DF538D /* UIKit.framework in Frameworks */,
				F332E83518D161BA00DF538D /* Foundation.framework in Frameworks */,
			);
			runOnlyForDeploymentPostprocessing = 0;
		};
		F332E85218D161BA00DF538D /* Frameworks */ = {
			isa = PBXFrameworksBuildPhase;
			buildActionMask = 2147483647;
			files = (
				F332E85718D161BA00DF538D /* XCTest.framework in Frameworks */,
				F332E85918D161BA00DF538D /* UIKit.framework in Frameworks */,
				F332E85818D161BA00DF538D /* Foundation.framework in Frameworks */,
			);
			runOnlyForDeploymentPostprocessing = 0;
		};
/* End PBXFrameworksBuildPhase section */

/* Begin PBXGroup section */
		F30A686C1A3259D700F3DA61 /* lato */ = {
			isa = PBXGroup;
			children = (
				F30A686D1A3259D700F3DA61 /* Lato-Black.ttf */,
				F30A686E1A3259D700F3DA61 /* Lato-BlackItalic.ttf */,
				F30A686F1A3259D700F3DA61 /* Lato-Bold.ttf */,
				F30A68701A3259D700F3DA61 /* Lato-BoldItalic.ttf */,
				F30A68711A3259D700F3DA61 /* Lato-Hairline.ttf */,
				F30A68721A3259D700F3DA61 /* Lato-HairlineItalic.ttf */,
				F30A68731A3259D700F3DA61 /* Lato-Heavy.ttf */,
				F30A68741A3259D700F3DA61 /* Lato-HeavyItalic.ttf */,
				F30A68751A3259D700F3DA61 /* Lato-Italic.ttf */,
				F30A68761A3259D700F3DA61 /* Lato-Light.ttf */,
				F30A68771A3259D700F3DA61 /* Lato-LightItalic.ttf */,
				F30A68781A3259D700F3DA61 /* Lato-Medium.ttf */,
				F30A68791A3259D700F3DA61 /* Lato-MediumItalic.ttf */,
				F30A687A1A3259D700F3DA61 /* Lato-Regular.ttf */,
				F30A687B1A3259D700F3DA61 /* Lato-Semibold.ttf */,
				F30A687C1A3259D700F3DA61 /* Lato-SemiboldItalic.ttf */,
				F30A687D1A3259D700F3DA61 /* Lato-Thin.ttf */,
				F30A687E1A3259D700F3DA61 /* Lato-ThinItalic.ttf */,
				F30A687F1A3259D700F3DA61 /* SIL Open Font License.txt */,
			);
			path = lato;
			sourceTree = "<group>";
		};
		F332E82818D161BA00DF538D = {
			isa = PBXGroup;
			children = (
				F3CF5DF61A15BCB700092E07 /* FututroViewController.h */,
				F3CF5DF71A15BCB700092E07 /* FututroViewController.m */,
				F332E83A18D161BA00DF538D /* DejateCaer */,
				F332E85C18D161BA00DF538D /* DejateCaerTests */,
				F332E83318D161BA00DF538D /* Frameworks */,
				F332E83218D161BA00DF538D /* Products */,
			);
			sourceTree = "<group>";
		};
		F332E83218D161BA00DF538D /* Products */ = {
			isa = PBXGroup;
			children = (
				F332E83118D161BA00DF538D /* DejateCaer.app */,
				F332E85518D161BA00DF538D /* DejateCaerTests.xctest */,
			);
			name = Products;
			sourceTree = "<group>";
		};
		F332E83318D161BA00DF538D /* Frameworks */ = {
			isa = PBXGroup;
			children = (
				F3C4418C1A0E880C007AE554 /* CoreData.framework */,
				F34A80CC19142ECE000E26CF /* SystemConfiguration.framework */,
				F34A80CA19142EC6000E26CF /* StoreKit.framework */,
				F34A80C819142EBE000E26CF /* Security.framework */,
				F34A80C619142EB7000E26CF /* QuartzCore.framework */,
				F34A80C419142EAA000E26CF /* MobileCoreServices.framework */,
				F34A80C219142EA2000E26CF /* libz.dylib */,
				F34A80C019142E8D000E26CF /* CFNetwork.framework */,
				F34A80BE19142E88000E26CF /* AudioToolbox.framework */,
				F3AECC7D18D3849F0012748D /* CoreLocation.framework */,
				F332E86C18D1630600DF538D /* MapKit.framework */,
				F332E83418D161BA00DF538D /* Foundation.framework */,
				F332E83618D161BA00DF538D /* CoreGraphics.framework */,
				F332E83818D161BA00DF538D /* UIKit.framework */,
				F332E85618D161BA00DF538D /* XCTest.framework */,
			);
			name = Frameworks;
			sourceTree = "<group>";
		};
		F332E83A18D161BA00DF538D /* DejateCaer */ = {
			isa = PBXGroup;
			children = (
				F33F36181A0ED40E00C5EDAA /* pin3.png */,
				F365215F1A0FEFFA00DFD69B /* Calendario */,
				F3C4417F1A0E840A007AE554 /* Library */,
				F3AECC7C18D374810012748D /* Imagenes */,
				F3CF6EAD190ACE37003E86EA /* Modelos */,
				F332E84318D161BA00DF538D /* AppDelegate.h */,
				F332E84418D161BA00DF538D /* AppDelegate.m */,
				F3CF6EB2190ADC24003E86EA /* Controladores */,
				F3CF6EAE190ACE63003E86EA /* Vistas */,
				F332E84F18D161BA00DF538D /* Images.xcassets */,
				F332E83B18D161BA00DF538D /* Supporting Files */,
			);
			path = DejateCaer;
			sourceTree = "<group>";
		};
		F332E83B18D161BA00DF538D /* Supporting Files */ = {
			isa = PBXGroup;
			children = (
				F30A686C1A3259D700F3DA61 /* lato */,
				F3CF5DF51A15945B00092E07 /* Georgia Italic */,
				F3CF5DF11A1592F300092E07 /* OpenSans */,
				F3C680A818FC9ADC0092D6D8 /* NII Sans */,
				F332E83C18D161BA00DF538D /* DejateCaer-Info.plist */,
				F332E83D18D161BA00DF538D /* InfoPlist.strings */,
				F332E84018D161BA00DF538D /* main.m */,
				F332E84218D161BA00DF538D /* DejateCaer-Prefix.pch */,
			);
			name = "Supporting Files";
			sourceTree = "<group>";
		};
		F332E85C18D161BA00DF538D /* DejateCaerTests */ = {
			isa = PBXGroup;
			children = (
				F3CF6EB1190AD92B003E86EA /* ViewController_ViewControllerClassExtension.h */,
				F3CF6EAF190ACEA4003E86EA /* ViewControllerTest.m */,
				F332E85D18D161BA00DF538D /* Supporting Files */,
			);
			path = DejateCaerTests;
			sourceTree = "<group>";
		};
		F332E85D18D161BA00DF538D /* Supporting Files */ = {
			isa = PBXGroup;
			children = (
				F332E85E18D161BA00DF538D /* DejateCaerTests-Info.plist */,
				F332E85F18D161BA00DF538D /* InfoPlist.strings */,
			);
			name = "Supporting Files";
			sourceTree = "<group>";
		};
		F36521431A0FE99700DFD69B /* categorias */ = {
			isa = PBXGroup;
			children = (
				F3ACD63719479EFB001286A5 /* Cultura.png */,
				F3ACD63819479EFB001286A5 /* Infantiles.png */,
				F3ACD63919479EFB001286A5 /* Música.png */,
				F3ACD63A19479EFB001286A5 /* Aprendizaje.png */,
				F3ACD63B19479EFB001286A5 /* Tecnología.png */,
				F3ACD63C19479EFB001286A5 /* Cine.png */,
				F324E8231947CA390002A6FB /* Teatro.png */,
				F3ACD63E19479EFB001286A5 /* Exposiciones.png */,
				F3ACD63F19479EFB001286A5 /* Deportivo.png */,
			);
			name = categorias;
			sourceTree = "<group>";
		};
		F36521441A0FE9CF00DFD69B /* Iconos Descripción */ = {
			isa = PBXGroup;
			children = (
				F3FEA85A193D261200C584FC /* dinero0.png */,
				F3FEA85B193D261200C584FC /* dinero1.png */,
				F3FEA85C193D261200C584FC /* informacion0.png */,
				F3FEA85D193D261200C584FC /* informacion1.png */,
				F3FEA85E193D261200C584FC /* telefono0.png */,
				F3FEA85F193D261200C584FC /* telefono1.png */,
				F3FEA860193D261200C584FC /* web0.png */,
				F3FEA861193D261200C584FC /* web1.png */,
			);
			name = "Iconos Descripción";
			sourceTree = "<group>";
		};
		F365214F1A0FEF4300DFD69B /* TabBar */ = {
			isa = PBXGroup;
			children = (
				F36521631A1001AE00DFD69B /* toolBar@2x.png */,
				F36521641A1001AE00DFD69B /* toolBar.png */,
				F365214B1A0FEEDA00DFD69B /* CalendarTab.png */,
				F365214D1A0FEF2A00DFD69B /* CalendarTab@2x.png */,
				F36521451A0FECB000DFD69B /* aquiTab.png */,
				F36521461A0FECB000DFD69B /* aquiTab@2x.png */,
			);
			name = TabBar;
			sourceTree = "<group>";
		};
		F365215F1A0FEFFA00DFD69B /* Calendario */ = {
			isa = PBXGroup;
			children = (
				F36521501A0FEFF000DFD69B /* VRGCalendarView.h */,
				F36521511A0FEFF000DFD69B /* VRGCalendarView.m */,
				F36521521A0FEFF000DFD69B /* UIView+convenience.h */,
				F36521531A0FEFF000DFD69B /* UIView+convenience.m */,
				F36521541A0FEFF000DFD69B /* NSMutableArray+convenience.h */,
				F36521551A0FEFF000DFD69B /* NSMutableArray+convenience.m */,
				F36521561A0FEFF000DFD69B /* NSDate+convenience.h */,
				F36521571A0FEFF000DFD69B /* NSDate+convenience.m */,
				F36521581A0FEFF000DFD69B /* UIColor+expanded.h */,
				F36521591A0FEFF000DFD69B /* UIColor+expanded.m */,
				F36521601A0FF03A00DFD69B /* CalendarioViewController.h */,
				F36521611A0FF03A00DFD69B /* CalendarioViewController.m */,
			);
			name = Calendario;
			sourceTree = "<group>";
		};
		F3AECC7918D36D2B0012748D /* Celdas */ = {
			isa = PBXGroup;
			children = (
				F332E87018D16CB100DF538D /* eventCell.h */,
				F332E87118D16CB100DF538D /* eventCell.m */,
				F3D6F0B118ED1759007F9E31 /* SinEventoTableViewCell.h */,
				F3D6F0B218ED1759007F9E31 /* SinEventoTableViewCell.m */,
			);
			name = Celdas;
			sourceTree = "<group>";
		};
		F3AECC7C18D374810012748D /* Imagenes */ = {
			isa = PBXGroup;
			children = (
				F3FEA855193D1D9F00C584FC /* Nuevos Iconos */,
				F3DA27B21910234F004BB45C /* back2.png */,
				F36521491A0FEE8C00DFD69B /* calendario.png */,
				F3CF6EBA190ECE22003E86EA /* pin.png */,
				F3DA27AE19100D1B004BB45C /* pin2.png */,
				F3F176F1193D71A30004A288 /* hora.png */,
				F3F176F2193D71A30004A288 /* nombre.png */,
				F3F176F3193D71A30004A288 /* titulo.png */,
				F36521671A1008DA00DFD69B /* eventario.png */,
				F342E0C8193E468C00A4FF4E /* lupa.png */,
				F3CF6EB5190ECBA1003E86EA /* Barra */,
				F3C680B918FCCD870092D6D8 /* arrows2.png */,
				F3C680B718FCAD4E0092D6D8 /* arrows.png */,
				F3CFBFFB18FD083C00206262 /* regresar.png */,
				F3CFBFFC18FD083C00206262 /* evento.png */,
				F3CFBFFD18FD083C00206262 /* donde.png */,
				F3C680B118FCA9520092D6D8 /* icono80.png */,
				F3C680B218FCA9520092D6D8 /* icono58.png */,
				F3C680B318FCA9520092D6D8 /* icono.png */,
				F3CF6EB3190EC998003E86EA /* mas.png */,
				F3CF6EBE190EE07E003E86EA /* marker.png */,
				F3CF6EC4190EE084003E86EA /* asterisco.png */,
				F3A420871935079D0032A715 /* ast.png */,
				F39060371948D6D9000532E3 /* slider2.png */,
			);
			name = Imagenes;
			sourceTree = "<group>";
		};
		F3C4417F1A0E840A007AE554 /* Library */ = {
			isa = PBXGroup;
			children = (
				F3C4418A1A0E8719007AE554 /* libGoogleAnalyticsServices.a */,
				F3C441801A0E840A007AE554 /* GAI.h */,
				F3C441811A0E840A007AE554 /* GAIDictionaryBuilder.h */,
				F3C441821A0E840A007AE554 /* GAIEcommerceFields.h */,
				F3C441831A0E840A007AE554 /* GAIEcommerceProduct.h */,
				F3C441841A0E840A007AE554 /* GAIEcommerceProductAction.h */,
				F3C441851A0E840A007AE554 /* GAIEcommercePromotion.h */,
				F3C441861A0E840A007AE554 /* GAIFields.h */,
				F3C441871A0E840A007AE554 /* GAILogger.h */,
				F3C441881A0E840A007AE554 /* GAITrackedViewController.h */,
				F3C441891A0E840A007AE554 /* GAITracker.h */,
			);
			path = Library;
			sourceTree = "<group>";
		};
		F3C680A818FC9ADC0092D6D8 /* NII Sans */ = {
			isa = PBXGroup;
			children = (
				F3C680A918FC9ADC0092D6D8 /* NIISans-Bold.ttf */,
				F3C680AA18FC9ADC0092D6D8 /* NIISans.ttf */,
				F3C680AB18FC9ADC0092D6D8 /* NIISansLight.ttf */,
			);
			path = "NII Sans";
			sourceTree = "<group>";
		};
		F3CF5DF11A1592F300092E07 /* OpenSans */ = {
			isa = PBXGroup;
			children = (
				F3CF5DEF1A1592D700092E07 /* OpenSans-Regular.ttf */,
				F3CF5DF21A15939E00092E07 /* OpenSans-Bold.ttf */,
			);
			name = OpenSans;
			path = "NII Sans";
			sourceTree = "<group>";
		};
		F3CF5DF51A15945B00092E07 /* Georgia Italic */ = {
			isa = PBXGroup;
			children = (
				F3CF5DF31A15944000092E07 /* Georgia Italic.ttf */,
				F3CF5DF41A15944E00092E07 /* Georgia Bold Italic.ttf */,
			);
			name = "Georgia Italic";
			sourceTree = "<group>";
		};
		F3CF6EAD190ACE37003E86EA /* Modelos */ = {
			isa = PBXGroup;
			children = (
				F3AECC7918D36D2B0012748D /* Celdas */,
				F3A6401718E490F6004AF17F /* Mipin.h */,
				F3A6401818E490F6004AF17F /* Mipin.m */,
				F3C680BB18FCD4440092D6D8 /* CustomCalloutAnnotation.h */,
				F3C680BC18FCD4440092D6D8 /* CustomCalloutAnnotation.m */,
			);
			name = Modelos;
			path = ..;
			sourceTree = "<group>";
		};
		F3CF6EAE190ACE63003E86EA /* Vistas */ = {
			isa = PBXGroup;
			children = (
				F332E84618D161BA00DF538D /* Main_iPhone.storyboard */,
				F36521401A0F0E3B00DFD69B /* NuevoOpcionesViewController.h */,
				F36521411A0F0E3B00DFD69B /* NuevoOpcionesViewController.m */,
				F3C680BE18FCD6520092D6D8 /* CustomCallOutView.xib */,
				F32CF00518F5A9220098A5CF /* flechas.xib */,
				F32CF01718F5F5AF0098A5CF /* flechas_cierran.xib */,
				F3B9EC3F18EF2A5500204323 /* Opcciones.xib */,
			);
			name = Vistas;
			sourceTree = "<group>";
		};
		F3CF6EB2190ADC24003E86EA /* Controladores */ = {
			isa = PBXGroup;
			children = (
				F332E84C18D161BA00DF538D /* ViewController.h */,
				F332E84D18D161BA00DF538D /* ViewController.m */,
				F332E87318D185AD00DF538D /* DescripcionViewController.h */,
				F332E87418D185AD00DF538D /* DescripcionViewController.m */,
				F3B9EC4118EF2D7900204323 /* Opcciones.h */,
				F3B9EC4218EF2D7900204323 /* Opcciones.m */,
				F3A9AF541927067700E0F3F1 /* MapaViewController.h */,
				F3A9AF551927067700E0F3F1 /* MapaViewController.m */,
				F3127308192ABEBB002E4119 /* ResenaViewController.h */,
				F3127309192ABEBB002E4119 /* ResenaViewController.m */,
				F3BDBEED1A0F035B00A521F9 /* NuevoInicioViewController.h */,
				F3BDBEEE1A0F035B00A521F9 /* NuevoInicioViewController.m */,
			);
			name = Controladores;
			sourceTree = "<group>";
		};
		F3CF6EB5190ECBA1003E86EA /* Barra */ = {
			isa = PBXGroup;
			children = (
				F3CF6EBC190ED506003E86EA /* flechas.png */,
				F3CF6EB6190ECBBC003E86EA /* flecha.png */,
			);
			name = Barra;
			sourceTree = "<group>";
		};
		F3FEA855193D1D9F00C584FC /* Nuevos Iconos */ = {
			isa = PBXGroup;
			children = (
				F3ACD64D1947C94D001286A5 /* twitter1.png */,
				F3ACD64E1947C94D001286A5 /* facebook1.png */,
				F36521431A0FE99700DFD69B /* categorias */,
				F36521441A0FE9CF00DFD69B /* Iconos Descripción */,
				F3B9D99F1940CDF1000D97FD /* flecha2.png */,
				F342E0CF193E663B00A4FF4E /* tools.png */,
				F365214F1A0FEF4300DFD69B /* TabBar */,
			);
			name = "Nuevos Iconos";
			sourceTree = "<group>";
		};
/* End PBXGroup section */

/* Begin PBXNativeTarget section */
		F332E83018D161BA00DF538D /* DejateCaer */ = {
			isa = PBXNativeTarget;
			buildConfigurationList = F332E86618D161BA00DF538D /* Build configuration list for PBXNativeTarget "DejateCaer" */;
			buildPhases = (
				F332E82D18D161BA00DF538D /* Sources */,
				F332E82E18D161BA00DF538D /* Frameworks */,
				F332E82F18D161BA00DF538D /* Resources */,
			);
			buildRules = (
			);
			dependencies = (
			);
			name = DejateCaer;
			productName = DejateCaer;
			productReference = F332E83118D161BA00DF538D /* DejateCaer.app */;
			productType = "com.apple.product-type.application";
		};
		F332E85418D161BA00DF538D /* DejateCaerTests */ = {
			isa = PBXNativeTarget;
			buildConfigurationList = F332E86918D161BA00DF538D /* Build configuration list for PBXNativeTarget "DejateCaerTests" */;
			buildPhases = (
				F332E85118D161BA00DF538D /* Sources */,
				F332E85218D161BA00DF538D /* Frameworks */,
				F332E85318D161BA00DF538D /* Resources */,
			);
			buildRules = (
			);
			dependencies = (
				F332E85B18D161BA00DF538D /* PBXTargetDependency */,
			);
			name = DejateCaerTests;
			productName = DejateCaerTests;
			productReference = F332E85518D161BA00DF538D /* DejateCaerTests.xctest */;
			productType = "com.apple.product-type.bundle.unit-test";
		};
/* End PBXNativeTarget section */

/* Begin PBXProject section */
		F332E82918D161BA00DF538D /* Project object */ = {
			isa = PBXProject;
			attributes = {
				LastUpgradeCheck = 0510;
				ORGANIZATIONNAME = "Carlos Castellanos";
				TargetAttributes = {
					F332E83018D161BA00DF538D = {
						DevelopmentTeam = E48473Z6UM;
					};
					F332E85418D161BA00DF538D = {
						TestTargetID = F332E83018D161BA00DF538D;
					};
				};
			};
			buildConfigurationList = F332E82C18D161BA00DF538D /* Build configuration list for PBXProject "DejateCaer" */;
			compatibilityVersion = "Xcode 3.2";
			developmentRegion = English;
			hasScannedForEncodings = 0;
			knownRegions = (
				en,
				Base,
				he,
			);
			mainGroup = F332E82818D161BA00DF538D;
			productRefGroup = F332E83218D161BA00DF538D /* Products */;
			projectDirPath = "";
			projectRoot = "";
			targets = (
				F332E83018D161BA00DF538D /* DejateCaer */,
				F332E85418D161BA00DF538D /* DejateCaerTests */,
			);
		};
/* End PBXProject section */

/* Begin PBXResourcesBuildPhase section */
		F332E82F18D161BA00DF538D /* Resources */ = {
			isa = PBXResourcesBuildPhase;
			buildActionMask = 2147483647;
			files = (
				F30A68811A3259D700F3DA61 /* Lato-BlackItalic.ttf in Resources */,
				F3ACD64519479EFB001286A5 /* Cine.png in Resources */,
				F3CF6EB8190ECBBC003E86EA /* flecha.png in Resources */,
				F30A688D1A3259D700F3DA61 /* Lato-Regular.ttf in Resources */,
				F3CF6EB4190EC998003E86EA /* mas.png in Resources */,
				F3ACD6501947C94D001286A5 /* facebook1.png in Resources */,
				F3C680BA18FCCD870092D6D8 /* arrows2.png in Resources */,
				F36521681A1008DA00DFD69B /* eventario.png in Resources */,
				F3ACD64019479EFB001286A5 /* Cultura.png in Resources */,
				F3CF6EC1190EE07E003E86EA /* marker.png in Resources */,
				F3CF6EBD190ED506003E86EA /* flechas.png in Resources */,
				F30A688F1A3259D700F3DA61 /* Lato-SemiboldItalic.ttf in Resources */,
				F3FEA864193D261200C584FC /* informacion0.png in Resources */,
				F3ACD64F1947C94D001286A5 /* twitter1.png in Resources */,
				F3FEA868193D261200C584FC /* web0.png in Resources */,
				F3ACD64219479EFB001286A5 /* Música.png in Resources */,
				F365214E1A0FEF2A00DFD69B /* CalendarTab@2x.png in Resources */,
				F30A68831A3259D700F3DA61 /* Lato-BoldItalic.ttf in Resources */,
				F3C680B818FCAD4E0092D6D8 /* arrows.png in Resources */,
				F324E8241947CA390002A6FB /* Teatro.png in Resources */,
				F3ACD64119479EFB001286A5 /* Infantiles.png in Resources */,
				F3C680B618FCA9520092D6D8 /* icono.png in Resources */,
				F30A688A1A3259D700F3DA61 /* Lato-LightItalic.ttf in Resources */,
				F3DA27AF19100D1B004BB45C /* pin2.png in Resources */,
				F3C680B418FCA9520092D6D8 /* icono80.png in Resources */,
				F3FEA862193D261200C584FC /* dinero0.png in Resources */,
				F36521661A1001AE00DFD69B /* toolBar.png in Resources */,
				F365214A1A0FEE8C00DFD69B /* calendario.png in Resources */,
				F3ACD64419479EFB001286A5 /* Tecnología.png in Resources */,
				F365214C1A0FEEDA00DFD69B /* CalendarTab.png in Resources */,
				F3F176F6193D71A30004A288 /* nombre.png in Resources */,
				F3CFBFFF18FD083C00206262 /* regresar.png in Resources */,
				F332E85018D161BA00DF538D /* Images.xcassets in Resources */,
				F30A68801A3259D700F3DA61 /* Lato-Black.ttf in Resources */,
				F36521651A1001AE00DFD69B /* toolBar@2x.png in Resources */,
				F30A68821A3259D700F3DA61 /* Lato-Bold.ttf in Resources */,
				F30A688E1A3259D700F3DA61 /* Lato-Semibold.ttf in Resources */,
				F30A68911A3259D700F3DA61 /* Lato-ThinItalic.ttf in Resources */,
				F3B9D9A01940CDF1000D97FD /* flecha2.png in Resources */,
				F3CF6EC5190EE084003E86EA /* asterisco.png in Resources */,
				F39060381948D6D9000532E3 /* slider2.png in Resources */,
				F3FEA866193D261200C584FC /* telefono0.png in Resources */,
				F33F36191A0ED40E00C5EDAA /* pin3.png in Resources */,
				F3ACD64719479EFB001286A5 /* Exposiciones.png in Resources */,
				F30A68891A3259D700F3DA61 /* Lato-Light.ttf in Resources */,
				F3FEA869193D261200C584FC /* web1.png in Resources */,
				F30A68871A3259D700F3DA61 /* Lato-HeavyItalic.ttf in Resources */,
				F332E84818D161BA00DF538D /* Main_iPhone.storyboard in Resources */,
				F3CFC00118FD083C00206262 /* donde.png in Resources */,
				F3F176F7193D71A30004A288 /* titulo.png in Resources */,
				F30A68841A3259D700F3DA61 /* Lato-Hairline.ttf in Resources */,
				F3FEA867193D261200C584FC /* telefono1.png in Resources */,
				F3A420881935079D0032A715 /* ast.png in Resources */,
				F3ACD64819479EFB001286A5 /* Deportivo.png in Resources */,
				F3CF6EBB190ECE22003E86EA /* pin.png in Resources */,
				F3F176F5193D71A30004A288 /* hora.png in Resources */,
				F3B9EC4018EF2A5500204323 /* Opcciones.xib in Resources */,
				F3FEA863193D261200C584FC /* dinero1.png in Resources */,
				F30A688C1A3259D700F3DA61 /* Lato-MediumItalic.ttf in Resources */,
				F332E83F18D161BA00DF538D /* InfoPlist.strings in Resources */,
				F3C680AC18FC9ADC0092D6D8 /* NIISans-Bold.ttf in Resources */,
				F3C680AD18FC9ADC0092D6D8 /* NIISans.ttf in Resources */,
				F342E0D1193E663B00A4FF4E /* tools.png in Resources */,
				F36521471A0FECB000DFD69B /* aquiTab.png in Resources */,
				F3C680B518FCA9520092D6D8 /* icono58.png in Resources */,
				F30A68901A3259D700F3DA61 /* Lato-Thin.ttf in Resources */,
				F30A68921A3259D700F3DA61 /* SIL Open Font License.txt in Resources */,
				F32CF01818F5F5AF0098A5CF /* flechas_cierran.xib in Resources */,
				F3FEA865193D261200C584FC /* informacion1.png in Resources */,
				F3ACD64319479EFB001286A5 /* Aprendizaje.png in Resources */,
				F3C680BF18FCD6520092D6D8 /* CustomCallOutView.xib in Resources */,
				F3C680AE18FC9ADC0092D6D8 /* NIISansLight.ttf in Resources */,
				F32CF00618F5A9220098A5CF /* flechas.xib in Resources */,
				F30A68861A3259D700F3DA61 /* Lato-Heavy.ttf in Resources */,
				F342E0CB193E468C00A4FF4E /* lupa.png in Resources */,
				F30A68881A3259D700F3DA61 /* Lato-Italic.ttf in Resources */,
				F3CFC00018FD083C00206262 /* evento.png in Resources */,
				F3DA27B31910234F004BB45C /* back2.png in Resources */,
				F30A68851A3259D700F3DA61 /* Lato-HairlineItalic.ttf in Resources */,
				F36521481A0FECB000DFD69B /* aquiTab@2x.png in Resources */,
				F30A688B1A3259D700F3DA61 /* Lato-Medium.ttf in Resources */,
			);
			runOnlyForDeploymentPostprocessing = 0;
		};
		F332E85318D161BA00DF538D /* Resources */ = {
			isa = PBXResourcesBuildPhase;
			buildActionMask = 2147483647;
			files = (
				F332E86118D161BA00DF538D /* InfoPlist.strings in Resources */,
			);
			runOnlyForDeploymentPostprocessing = 0;
		};
/* End PBXResourcesBuildPhase section */

/* Begin PBXSourcesBuildPhase section */
		F332E82D18D161BA00DF538D /* Sources */ = {
			isa = PBXSourcesBuildPhase;
			buildActionMask = 2147483647;
			files = (
				F3D6F0B318ED1759007F9E31 /* SinEventoTableViewCell.m in Sources */,
				F36521621A0FF03A00DFD69B /* CalendarioViewController.m in Sources */,
				F3BDBEEF1A0F035B00A521F9 /* NuevoInicioViewController.m in Sources */,
				F365215E1A0FEFF000DFD69B /* UIColor+expanded.m in Sources */,
				F3A9AF561927067700E0F3F1 /* MapaViewController.m in Sources */,
				F332E87218D16CB100DF538D /* eventCell.m in Sources */,
				F3CF5DF81A15BCB700092E07 /* FututroViewController.m in Sources */,
				F3B9EC4318EF2D7900204323 /* Opcciones.m in Sources */,
				F3C680BD18FCD4440092D6D8 /* CustomCalloutAnnotation.m in Sources */,
				F365215A1A0FEFF000DFD69B /* VRGCalendarView.m in Sources */,
				F365215B1A0FEFF000DFD69B /* UIView+convenience.m in Sources */,
				F36521421A0F0E3B00DFD69B /* NuevoOpcionesViewController.m in Sources */,
				F365215D1A0FEFF000DFD69B /* NSDate+convenience.m in Sources */,
				F365215C1A0FEFF000DFD69B /* NSMutableArray+convenience.m in Sources */,
				F332E84E18D161BA00DF538D /* ViewController.m in Sources */,
				F332E84518D161BA00DF538D /* AppDelegate.m in Sources */,
				F332E84118D161BA00DF538D /* main.m in Sources */,
				F312730A192ABEBB002E4119 /* ResenaViewController.m in Sources */,
				F332E87518D185AD00DF538D /* DescripcionViewController.m in Sources */,
				F3A6401918E490F6004AF17F /* Mipin.m in Sources */,
			);
			runOnlyForDeploymentPostprocessing = 0;
		};
		F332E85118D161BA00DF538D /* Sources */ = {
			isa = PBXSourcesBuildPhase;
			buildActionMask = 2147483647;
			files = (
				F3CF6EB0190ACEA4003E86EA /* ViewControllerTest.m in Sources */,
			);
			runOnlyForDeploymentPostprocessing = 0;
		};
/* End PBXSourcesBuildPhase section */

/* Begin PBXTargetDependency section */
		F332E85B18D161BA00DF538D /* PBXTargetDependency */ = {
			isa = PBXTargetDependency;
			target = F332E83018D161BA00DF538D /* DejateCaer */;
			targetProxy = F332E85A18D161BA00DF538D /* PBXContainerItemProxy */;
		};
/* End PBXTargetDependency section */

/* Begin PBXVariantGroup section */
		F332E83D18D161BA00DF538D /* InfoPlist.strings */ = {
			isa = PBXVariantGroup;
			children = (
				F332E83E18D161BA00DF538D /* en */,
			);
			name = InfoPlist.strings;
			sourceTree = "<group>";
		};
		F332E84618D161BA00DF538D /* Main_iPhone.storyboard */ = {
			isa = PBXVariantGroup;
			children = (
				F332E84718D161BA00DF538D /* Base */,
			);
			name = Main_iPhone.storyboard;
			sourceTree = "<group>";
		};
		F332E85F18D161BA00DF538D /* InfoPlist.strings */ = {
			isa = PBXVariantGroup;
			children = (
				F332E86018D161BA00DF538D /* en */,
			);
			name = InfoPlist.strings;
			sourceTree = "<group>";
		};
/* End PBXVariantGroup section */

/* Begin XCBuildConfiguration section */
		F332E86418D161BA00DF538D /* Debug */ = {
			isa = XCBuildConfiguration;
			buildSettings = {
				ALWAYS_SEARCH_USER_PATHS = NO;
				CLANG_CXX_LANGUAGE_STANDARD = "gnu++0x";
				CLANG_CXX_LIBRARY = "libc++";
				CLANG_ENABLE_MODULES = YES;
				CLANG_ENABLE_OBJC_ARC = YES;
				CLANG_WARN_BOOL_CONVERSION = YES;
				CLANG_WARN_CONSTANT_CONVERSION = YES;
				CLANG_WARN_DIRECT_OBJC_ISA_USAGE = YES_ERROR;
				CLANG_WARN_EMPTY_BODY = YES;
				CLANG_WARN_ENUM_CONVERSION = YES;
				CLANG_WARN_INT_CONVERSION = YES;
				CLANG_WARN_OBJC_ROOT_CLASS = YES_ERROR;
				CLANG_WARN__DUPLICATE_METHOD_MATCH = YES;
				"CODE_SIGN_IDENTITY[sdk=iphoneos*]" = "iPhone Developer";
				COPY_PHASE_STRIP = NO;
				GCC_C_LANGUAGE_STANDARD = gnu99;
				GCC_DYNAMIC_NO_PIC = NO;
				GCC_OPTIMIZATION_LEVEL = 0;
				GCC_PREPROCESSOR_DEFINITIONS = (
					"DEBUG=1",
					"$(inherited)",
				);
				GCC_SYMBOLS_PRIVATE_EXTERN = NO;
				GCC_WARN_64_TO_32_BIT_CONVERSION = YES;
				GCC_WARN_ABOUT_RETURN_TYPE = YES_ERROR;
				GCC_WARN_UNDECLARED_SELECTOR = YES;
				GCC_WARN_UNINITIALIZED_AUTOS = YES;
				GCC_WARN_UNUSED_FUNCTION = YES;
				GCC_WARN_UNUSED_VARIABLE = YES;
				IPHONEOS_DEPLOYMENT_TARGET = 7.0;
				ONLY_ACTIVE_ARCH = YES;
				SDKROOT = iphoneos;
				TARGETED_DEVICE_FAMILY = "1,2";
			};
			name = Debug;
		};
		F332E86518D161BA00DF538D /* Release */ = {
			isa = XCBuildConfiguration;
			buildSettings = {
				ALWAYS_SEARCH_USER_PATHS = NO;
				CLANG_CXX_LANGUAGE_STANDARD = "gnu++0x";
				CLANG_CXX_LIBRARY = "libc++";
				CLANG_ENABLE_MODULES = YES;
				CLANG_ENABLE_OBJC_ARC = YES;
				CLANG_WARN_BOOL_CONVERSION = YES;
				CLANG_WARN_CONSTANT_CONVERSION = YES;
				CLANG_WARN_DIRECT_OBJC_ISA_USAGE = YES_ERROR;
				CLANG_WARN_EMPTY_BODY = YES;
				CLANG_WARN_ENUM_CONVERSION = YES;
				CLANG_WARN_INT_CONVERSION = YES;
				CLANG_WARN_OBJC_ROOT_CLASS = YES_ERROR;
				CLANG_WARN__DUPLICATE_METHOD_MATCH = YES;
				"CODE_SIGN_IDENTITY[sdk=iphoneos*]" = "iPhone Developer";
				COPY_PHASE_STRIP = YES;
				ENABLE_NS_ASSERTIONS = NO;
				GCC_C_LANGUAGE_STANDARD = gnu99;
				GCC_WARN_64_TO_32_BIT_CONVERSION = YES;
				GCC_WARN_ABOUT_RETURN_TYPE = YES_ERROR;
				GCC_WARN_UNDECLARED_SELECTOR = YES;
				GCC_WARN_UNINITIALIZED_AUTOS = YES;
				GCC_WARN_UNUSED_FUNCTION = YES;
				GCC_WARN_UNUSED_VARIABLE = YES;
				IPHONEOS_DEPLOYMENT_TARGET = 7.0;
				SDKROOT = iphoneos;
				TARGETED_DEVICE_FAMILY = "1,2";
				VALIDATE_PRODUCT = YES;
			};
			name = Release;
		};
		F332E86718D161BA00DF538D /* Debug */ = {
			isa = XCBuildConfiguration;
			buildSettings = {
				ASSETCATALOG_COMPILER_APPICON_NAME = AppIcon;
				ASSETCATALOG_COMPILER_LAUNCHIMAGE_NAME = LaunchImage;
				CODE_SIGN_IDENTITY = "iPhone Developer";
				"CODE_SIGN_IDENTITY[sdk=iphoneos*]" = "iPhone Developer";
				FRAMEWORK_SEARCH_PATHS = (
					"$(inherited)",
					/Users/carloscastellanos/Documents/DejateCaer/FacebookSDK,
					/Users/carloscastellanos/Documents/DejateCaer,
					"$(DEVELOPER_FRAMEWORKS_DIR)",
					"$(PROJECT_DIR)",
				);
				GCC_PRECOMPILE_PREFIX_HEADER = YES;
				GCC_PREFIX_HEADER = "DejateCaer/DejateCaer-Prefix.pch";
				INFOPLIST_FILE = "DejateCaer/DejateCaer-Info.plist";
				IPHONEOS_DEPLOYMENT_TARGET = 7.0;
				LIBRARY_SEARCH_PATHS = (
					"$(inherited)",
					"$(PROJECT_DIR)/DejateCaer/Library",
				);
				PRODUCT_NAME = "$(TARGET_NAME)";
				PROVISIONING_PROFILE = "";
				TARGETED_DEVICE_FAMILY = 1;
				WRAPPER_EXTENSION = app;
			};
			name = Debug;
		};
		F332E86818D161BA00DF538D /* Release */ = {
			isa = XCBuildConfiguration;
			buildSettings = {
				ASSETCATALOG_COMPILER_APPICON_NAME = AppIcon;
				ASSETCATALOG_COMPILER_LAUNCHIMAGE_NAME = LaunchImage;
				CODE_SIGN_IDENTITY = "iPhone Developer";
				"CODE_SIGN_IDENTITY[sdk=iphoneos*]" = "iPhone Developer";
				FRAMEWORK_SEARCH_PATHS = (
					"$(inherited)",
					/Users/carloscastellanos/Documents/DejateCaer/FacebookSDK,
					/Users/carloscastellanos/Documents/DejateCaer,
					"$(DEVELOPER_FRAMEWORKS_DIR)",
					"$(PROJECT_DIR)",
				);
				GCC_PRECOMPILE_PREFIX_HEADER = YES;
				GCC_PREFIX_HEADER = "DejateCaer/DejateCaer-Prefix.pch";
				INFOPLIST_FILE = "DejateCaer/DejateCaer-Info.plist";
				IPHONEOS_DEPLOYMENT_TARGET = 7.0;
				LIBRARY_SEARCH_PATHS = (
					"$(inherited)",
					"$(PROJECT_DIR)/DejateCaer/Library",
				);
				PRODUCT_NAME = "$(TARGET_NAME)";
				PROVISIONING_PROFILE = "";
				TARGETED_DEVICE_FAMILY = 1;
				WRAPPER_EXTENSION = app;
			};
			name = Release;
		};
		F332E86A18D161BA00DF538D /* Debug */ = {
			isa = XCBuildConfiguration;
			buildSettings = {
				BUNDLE_LOADER = "$(BUILT_PRODUCTS_DIR)/DejateCaer.app/DejateCaer";
				FRAMEWORK_SEARCH_PATHS = (
					"$(SDKROOT)/Developer/Library/Frameworks",
					"$(inherited)",
					"$(DEVELOPER_FRAMEWORKS_DIR)",
				);
				GCC_PRECOMPILE_PREFIX_HEADER = YES;
				GCC_PREFIX_HEADER = "DejateCaer/DejateCaer-Prefix.pch";
				GCC_PREPROCESSOR_DEFINITIONS = (
					"DEBUG=1",
					"$(inherited)",
				);
				INFOPLIST_FILE = "DejateCaerTests/DejateCaerTests-Info.plist";
				PRODUCT_NAME = "$(TARGET_NAME)";
				TEST_HOST = "$(BUNDLE_LOADER)";
				WRAPPER_EXTENSION = xctest;
			};
			name = Debug;
		};
		F332E86B18D161BA00DF538D /* Release */ = {
			isa = XCBuildConfiguration;
			buildSettings = {
				BUNDLE_LOADER = "$(BUILT_PRODUCTS_DIR)/DejateCaer.app/DejateCaer";
				FRAMEWORK_SEARCH_PATHS = (
					"$(SDKROOT)/Developer/Library/Frameworks",
					"$(inherited)",
					"$(DEVELOPER_FRAMEWORKS_DIR)",
				);
				GCC_PRECOMPILE_PREFIX_HEADER = YES;
				GCC_PREFIX_HEADER = "DejateCaer/DejateCaer-Prefix.pch";
				INFOPLIST_FILE = "DejateCaerTests/DejateCaerTests-Info.plist";
				PRODUCT_NAME = "$(TARGET_NAME)";
				TEST_HOST = "$(BUNDLE_LOADER)";
				WRAPPER_EXTENSION = xctest;
			};
			name = Release;
		};
/* End XCBuildConfiguration section */

/* Begin XCConfigurationList section */
		F332E82C18D161BA00DF538D /* Build configuration list for PBXProject "DejateCaer" */ = {
			isa = XCConfigurationList;
			buildConfigurations = (
				F332E86418D161BA00DF538D /* Debug */,
				F332E86518D161BA00DF538D /* Release */,
			);
			defaultConfigurationIsVisible = 0;
			defaultConfigurationName = Release;
		};
		F332E86618D161BA00DF538D /* Build configuration list for PBXNativeTarget "DejateCaer" */ = {
			isa = XCConfigurationList;
			buildConfigurations = (
				F332E86718D161BA00DF538D /* Debug */,
				F332E86818D161BA00DF538D /* Release */,
			);
			defaultConfigurationIsVisible = 0;
			defaultConfigurationName = Release;
		};
		F332E86918D161BA00DF538D /* Build configuration list for PBXNativeTarget "DejateCaerTests" */ = {
			isa = XCConfigurationList;
			buildConfigurations = (
				F332E86A18D161BA00DF538D /* Debug */,
				F332E86B18D161BA00DF538D /* Release */,
			);
			defaultConfigurationIsVisible = 0;
			defaultConfigurationName = Release;
		};
/* End XCConfigurationList section */
	};
	rootObject = F332E82918D161BA00DF538D /* Project object */;
}
